{
  "object": {
    "pins": [
      {
        "package": "CRuntime",
        "repositoryURL": "https://github.com/wickwirew/CRuntime.git",
        "state": {
          "branch": null,
          "revision": "95f911318d8c885f6fc05e971471f94adfd39405",
          "version": "2.1.2"
        }
      }
    ]
  },
  "version": 1
}
