{
  "object": {
    "pins": [
      {
        "package": "CRuntime",
        "repositoryURL": "https://github.com/wickwirew/CRuntime.git",
        "state": {
          "branch": null,
          "revision": "8d0dd0ca3787d15682c1f44de3d298459870b121",
          "version": "1.0.0"
        }
      }
    ]
  },
  "version": 1
}
