// !$*UTF8*$!
{
   archiveVersion = "1";
   objectVersion = "46";
   objects = {
      "CRuntime::CRuntime::ProductTarget" = {
         isa = "PBXAggregateTarget";
         buildConfigurationList = "OBJ_73";
         buildPhases = (
         );
         dependencies = (
         );
         name = "CRuntime";
         productName = "CRuntime";
      };
      "OBJ_1" = {
         isa = "PBXProject";
         attributes = {
            LastUpgradeCheck = "9999";
         };
         buildConfigurationList = "OBJ_2";
         compatibilityVersion = "Xcode 3.2";
         developmentRegion = "English";
         hasScannedForEncodings = "0";
         knownRegions = (
            "en"
         );
         mainGroup = "OBJ_5";
         productRefGroup = "OBJ_69";
         projectDirPath = ".";
         targets = (
            "CRuntime::CRuntime::ProductTarget",
            "Runtime::Runtime",
            "Runtime::SwiftPMPackageDescription",
            "Runtime::RuntimePackageTests::ProductTarget",
            "Runtime::RuntimeTests"
         );
      };
      "OBJ_10" = {
         isa = "PBXFileReference";
         path = "DefaultValue.swift";
         sourceTree = "<group>";
      };
      "OBJ_100" = {
         isa = "PBXBuildFile";
         fileRef = "OBJ_31";
      };
      "OBJ_101" = {
         isa = "PBXBuildFile";
         fileRef = "OBJ_32";
      };
      "OBJ_102" = {
         isa = "PBXBuildFile";
         fileRef = "OBJ_33";
      };
      "OBJ_103" = {
         isa = "PBXBuildFile";
         fileRef = "OBJ_34";
      };
      "OBJ_104" = {
         isa = "PBXBuildFile";
         fileRef = "OBJ_35";
      };
      "OBJ_105" = {
         isa = "PBXBuildFile";
         fileRef = "OBJ_37";
      };
      "OBJ_106" = {
         isa = "PBXBuildFile";
         fileRef = "OBJ_38";
      };
      "OBJ_107" = {
         isa = "PBXBuildFile";
         fileRef = "OBJ_39";
      };
      "OBJ_108" = {
         isa = "PBXBuildFile";
         fileRef = "OBJ_40";
      };
      "OBJ_109" = {
         isa = "PBXBuildFile";
         fileRef = "OBJ_41";
      };
      "OBJ_11" = {
         isa = "PBXFileReference";
         path = "Factory.swift";
         sourceTree = "<group>";
      };
      "OBJ_110" = {
         isa = "PBXBuildFile";
         fileRef = "OBJ_42";
      };
      "OBJ_111" = {
         isa = "PBXBuildFile";
         fileRef = "OBJ_44";
      };
      "OBJ_112" = {
         isa = "PBXBuildFile";
         fileRef = "OBJ_45";
      };
      "OBJ_113" = {
         isa = "PBXBuildFile";
         fileRef = "OBJ_46";
      };
      "OBJ_114" = {
         isa = "PBXBuildFile";
         fileRef = "OBJ_47";
      };
      "OBJ_115" = {
         isa = "PBXBuildFile";
         fileRef = "OBJ_49";
      };
      "OBJ_116" = {
         isa = "PBXBuildFile";
         fileRef = "OBJ_50";
      };
      "OBJ_117" = {
         isa = "PBXBuildFile";
         fileRef = "OBJ_51";
      };
      "OBJ_118" = {
         isa = "PBXBuildFile";
         fileRef = "OBJ_52";
      };
      "OBJ_119" = {
         isa = "PBXBuildFile";
         fileRef = "OBJ_53";
      };
      "OBJ_12" = {
         isa = "PBXGroup";
         children = (
            "OBJ_13",
            "OBJ_14",
            "OBJ_15",
            "OBJ_16",
            "OBJ_17",
            "OBJ_18",
            "OBJ_19",
            "OBJ_20",
            "OBJ_21",
            "OBJ_22",
            "OBJ_23",
            "OBJ_24",
            "OBJ_25",
            "OBJ_26"
         );
         name = "Layouts";
         path = "Layouts";
         sourceTree = "<group>";
      };
      "OBJ_120" = {
         isa = "PBXBuildFile";
         fileRef = "OBJ_54";
      };
      "OBJ_121" = {
         isa = "PBXFrameworksBuildPhase";
         files = (
         );
      };
      "OBJ_123" = {
         isa = "XCConfigurationList";
         buildConfigurations = (
            "OBJ_124",
            "OBJ_125"
         );
         defaultConfigurationIsVisible = "0";
         defaultConfigurationName = "Release";
      };
      "OBJ_124" = {
         isa = "XCBuildConfiguration";
         buildSettings = {
            LD = "/usr/bin/true";
            OTHER_SWIFT_FLAGS = (
               "-swift-version",
               "4.2",
               "-I",
               "$(TOOLCHAIN_DIR)/usr/lib/swift/pm/4_2",
               "-target",
               "x86_64-apple-macosx10.10",
               "-sdk",
               "/Applications/Xcode.app/Contents/Developer/Platforms/MacOSX.platform/Developer/SDKs/MacOSX10.14.sdk"
            );
            SWIFT_VERSION = "4.2";
         };
         name = "Debug";
      };
      "OBJ_125" = {
         isa = "XCBuildConfiguration";
         buildSettings = {
            LD = "/usr/bin/true";
            OTHER_SWIFT_FLAGS = (
               "-swift-version",
               "4.2",
               "-I",
               "$(TOOLCHAIN_DIR)/usr/lib/swift/pm/4_2",
               "-target",
               "x86_64-apple-macosx10.10",
               "-sdk",
               "/Applications/Xcode.app/Contents/Developer/Platforms/MacOSX.platform/Developer/SDKs/MacOSX10.14.sdk"
            );
            SWIFT_VERSION = "4.2";
         };
         name = "Release";
      };
      "OBJ_126" = {
         isa = "PBXSourcesBuildPhase";
         files = (
            "OBJ_127"
         );
      };
      "OBJ_127" = {
         isa = "PBXBuildFile";
         fileRef = "OBJ_6";
      };
      "OBJ_129" = {
         isa = "XCConfigurationList";
         buildConfigurations = (
            "OBJ_130",
            "OBJ_131"
         );
         defaultConfigurationIsVisible = "0";
         defaultConfigurationName = "Release";
      };
      "OBJ_13" = {
         isa = "PBXFileReference";
         path = "ClassHeader.swift";
         sourceTree = "<group>";
      };
      "OBJ_130" = {
         isa = "XCBuildConfiguration";
         buildSettings = {
         };
         name = "Debug";
      };
      "OBJ_131" = {
         isa = "XCBuildConfiguration";
         buildSettings = {
         };
         name = "Release";
      };
      "OBJ_132" = {
         isa = "PBXTargetDependency";
         target = "Runtime::RuntimeTests";
      };
      "OBJ_134" = {
         isa = "XCConfigurationList";
         buildConfigurations = (
            "OBJ_135",
            "OBJ_136"
         );
         defaultConfigurationIsVisible = "0";
         defaultConfigurationName = "Release";
      };
      "OBJ_135" = {
         isa = "XCBuildConfiguration";
         buildSettings = {
            CLANG_ENABLE_MODULES = "YES";
            EMBEDDED_CONTENT_CONTAINS_SWIFT = "YES";
            FRAMEWORK_SEARCH_PATHS = (
               "$(inherited)",
               "$(PLATFORM_DIR)/Developer/Library/Frameworks"
            );
            HEADER_SEARCH_PATHS = (
               "$(inherited)",
               "$(SRCROOT)/.build/checkouts/CRuntime.git--1672828878229581488/Sources/CRuntime"
            );
            INFOPLIST_FILE = "Runtime.xcodeproj/RuntimeTests_Info.plist";
            LD_RUNPATH_SEARCH_PATHS = (
               "$(inherited)",
               "@loader_path/../Frameworks",
               "@loader_path/Frameworks"
            );
            OTHER_CFLAGS = (
               "$(inherited)"
            );
            OTHER_LDFLAGS = (
               "$(inherited)"
            );
            OTHER_SWIFT_FLAGS = (
               "$(inherited)"
            );
            SWIFT_ACTIVE_COMPILATION_CONDITIONS = (
               "$(inherited)"
            );
            SWIFT_VERSION = "4.2";
            TARGET_NAME = "RuntimeTests";
         };
         name = "Debug";
      };
      "OBJ_136" = {
         isa = "XCBuildConfiguration";
         buildSettings = {
            CLANG_ENABLE_MODULES = "YES";
            EMBEDDED_CONTENT_CONTAINS_SWIFT = "YES";
            FRAMEWORK_SEARCH_PATHS = (
               "$(inherited)",
               "$(PLATFORM_DIR)/Developer/Library/Frameworks"
            );
            HEADER_SEARCH_PATHS = (
               "$(inherited)",
               "$(SRCROOT)/.build/checkouts/CRuntime.git--1672828878229581488/Sources/CRuntime"
            );
            INFOPLIST_FILE = "Runtime.xcodeproj/RuntimeTests_Info.plist";
            LD_RUNPATH_SEARCH_PATHS = (
               "$(inherited)",
               "@loader_path/../Frameworks",
               "@loader_path/Frameworks"
            );
            OTHER_CFLAGS = (
               "$(inherited)"
            );
            OTHER_LDFLAGS = (
               "$(inherited)"
            );
            OTHER_SWIFT_FLAGS = (
               "$(inherited)"
            );
            SWIFT_ACTIVE_COMPILATION_CONDITIONS = (
               "$(inherited)"
            );
            SWIFT_VERSION = "4.2";
            TARGET_NAME = "RuntimeTests";
         };
         name = "Release";
      };
      "OBJ_137" = {
         isa = "PBXSourcesBuildPhase";
         files = (
            "OBJ_138",
            "OBJ_139",
            "OBJ_140",
            "OBJ_141",
            "OBJ_142",
            "OBJ_143",
            "OBJ_144"
         );
      };
      "OBJ_138" = {
         isa = "PBXBuildFile";
         fileRef = "OBJ_57";
      };
      "OBJ_139" = {
         isa = "PBXBuildFile";
         fileRef = "OBJ_58";
      };
      "OBJ_14" = {
         isa = "PBXFileReference";
         path = "ClassMetadataLayout.swift";
         sourceTree = "<group>";
      };
      "OBJ_140" = {
         isa = "PBXBuildFile";
         fileRef = "OBJ_59";
      };
      "OBJ_141" = {
         isa = "PBXBuildFile";
         fileRef = "OBJ_60";
      };
      "OBJ_142" = {
         isa = "PBXBuildFile";
         fileRef = "OBJ_61";
      };
      "OBJ_143" = {
         isa = "PBXBuildFile";
         fileRef = "OBJ_62";
      };
      "OBJ_144" = {
         isa = "PBXBuildFile";
         fileRef = "OBJ_63";
      };
      "OBJ_145" = {
         isa = "PBXFrameworksBuildPhase";
         files = (
            "OBJ_146"
         );
      };
      "OBJ_146" = {
         isa = "PBXBuildFile";
         fileRef = "Runtime::Runtime::Product";
      };
      "OBJ_147" = {
         isa = "PBXTargetDependency";
         target = "Runtime::Runtime";
      };
      "OBJ_15" = {
         isa = "PBXFileReference";
         path = "ClassTypeDescriptor.swift";
         sourceTree = "<group>";
      };
      "OBJ_16" = {
         isa = "PBXFileReference";
         path = "EnumMetadataLayout.swift";
         sourceTree = "<group>";
      };
      "OBJ_17" = {
         isa = "PBXFileReference";
         path = "ExistentialContainter.swift";
         sourceTree = "<group>";
      };
      "OBJ_18" = {
         isa = "PBXFileReference";
         path = "FunctionMetadataLayout.swift";
         sourceTree = "<group>";
      };
      "OBJ_19" = {
         isa = "PBXFileReference";
         path = "MetadataLayoutType.swift";
         sourceTree = "<group>";
      };
      "OBJ_2" = {
         isa = "XCConfigurationList";
         buildConfigurations = (
            "OBJ_3",
            "OBJ_4"
         );
         defaultConfigurationIsVisible = "0";
         defaultConfigurationName = "Release";
      };
      "OBJ_20" = {
         isa = "PBXFileReference";
         path = "ProtocolDescriptor.swift";
         sourceTree = "<group>";
      };
      "OBJ_21" = {
         isa = "PBXFileReference";
         path = "ProtocolMetadataLayout.swift";
         sourceTree = "<group>";
      };
      "OBJ_22" = {
         isa = "PBXFileReference";
         path = "ProtocolTypeContainer.swift";
         sourceTree = "<group>";
      };
      "OBJ_23" = {
         isa = "PBXFileReference";
         path = "StructMetadataLayout.swift";
         sourceTree = "<group>";
      };
      "OBJ_24" = {
         isa = "PBXFileReference";
         path = "StructTypeDescriptor.swift";
         sourceTree = "<group>";
      };
      "OBJ_25" = {
         isa = "PBXFileReference";
         path = "TupleMetadataLayout.swift";
         sourceTree = "<group>";
      };
      "OBJ_26" = {
         isa = "PBXFileReference";
         path = "ValueWitnessTable.swift";
         sourceTree = "<group>";
      };
      "OBJ_27" = {
         isa = "PBXGroup";
         children = (
            "OBJ_28",
            "OBJ_29",
            "OBJ_30",
            "OBJ_31",
            "OBJ_32",
            "OBJ_33",
            "OBJ_34",
            "OBJ_35"
         );
         name = "Metadata";
         path = "Metadata";
         sourceTree = "<group>";
      };
      "OBJ_28" = {
         isa = "PBXFileReference";
         path = "ClassMetadata.swift";
         sourceTree = "<group>";
      };
      "OBJ_29" = {
         isa = "PBXFileReference";
         path = "EnumMetadata.swift";
         sourceTree = "<group>";
      };
      "OBJ_3" = {
         isa = "XCBuildConfiguration";
         buildSettings = {
            CLANG_ENABLE_OBJC_ARC = "YES";
            COMBINE_HIDPI_IMAGES = "YES";
            COPY_PHASE_STRIP = "NO";
            DEBUG_INFORMATION_FORMAT = "dwarf";
            DYLIB_INSTALL_NAME_BASE = "@rpath";
            ENABLE_NS_ASSERTIONS = "YES";
            GCC_OPTIMIZATION_LEVEL = "0";
            GCC_PREPROCESSOR_DEFINITIONS = (
               "DEBUG=1",
               "$(inherited)"
            );
            MACOSX_DEPLOYMENT_TARGET = "10.10";
            ONLY_ACTIVE_ARCH = "YES";
            OTHER_SWIFT_FLAGS = (
               "-DXcode"
            );
            PRODUCT_NAME = "$(TARGET_NAME)";
            SDKROOT = "macosx";
            SUPPORTED_PLATFORMS = (
               "macosx",
               "iphoneos",
               "iphonesimulator",
               "appletvos",
               "appletvsimulator",
               "watchos",
               "watchsimulator"
            );
            SWIFT_ACTIVE_COMPILATION_CONDITIONS = (
               "SWIFT_PACKAGE",
               "DEBUG"
            );
            SWIFT_OPTIMIZATION_LEVEL = "-Onone";
            USE_HEADERMAP = "NO";
         };
         name = "Debug";
      };
      "OBJ_30" = {
         isa = "PBXFileReference";
         path = "FuntionMetadata.swift";
         sourceTree = "<group>";
      };
      "OBJ_31" = {
         isa = "PBXFileReference";
         path = "Metadata.swift";
         sourceTree = "<group>";
      };
      "OBJ_32" = {
         isa = "PBXFileReference";
         path = "MetadataType.swift";
         sourceTree = "<group>";
      };
      "OBJ_33" = {
         isa = "PBXFileReference";
         path = "ProtocolMetadata.swift";
         sourceTree = "<group>";
      };
      "OBJ_34" = {
         isa = "PBXFileReference";
         path = "StructMetadata.swift";
         sourceTree = "<group>";
      };
      "OBJ_35" = {
         isa = "PBXFileReference";
         path = "TupleMetadata.swift";
         sourceTree = "<group>";
      };
      "OBJ_36" = {
         isa = "PBXGroup";
         children = (
            "OBJ_37",
            "OBJ_38",
            "OBJ_39",
            "OBJ_40",
            "OBJ_41",
            "OBJ_42"
         );
         name = "Models";
         path = "Models";
         sourceTree = "<group>";
      };
      "OBJ_37" = {
         isa = "PBXFileReference";
         path = "Errors.swift";
         sourceTree = "<group>";
      };
      "OBJ_38" = {
         isa = "PBXFileReference";
         path = "FunctionInfo.swift";
         sourceTree = "<group>";
      };
      "OBJ_39" = {
         isa = "PBXFileReference";
         path = "Kind.swift";
         sourceTree = "<group>";
      };
      "OBJ_4" = {
         isa = "XCBuildConfiguration";
         buildSettings = {
            CLANG_ENABLE_OBJC_ARC = "YES";
            COMBINE_HIDPI_IMAGES = "YES";
            COPY_PHASE_STRIP = "YES";
            DEBUG_INFORMATION_FORMAT = "dwarf-with-dsym";
            DYLIB_INSTALL_NAME_BASE = "@rpath";
            GCC_OPTIMIZATION_LEVEL = "s";
            MACOSX_DEPLOYMENT_TARGET = "10.10";
            OTHER_SWIFT_FLAGS = (
               "-DXcode"
            );
            PRODUCT_NAME = "$(TARGET_NAME)";
            SDKROOT = "macosx";
            SUPPORTED_PLATFORMS = (
               "macosx",
               "iphoneos",
               "iphonesimulator",
               "appletvos",
               "appletvsimulator",
               "watchos",
               "watchsimulator"
            );
            SWIFT_ACTIVE_COMPILATION_CONDITIONS = (
               "SWIFT_PACKAGE"
            );
            SWIFT_OPTIMIZATION_LEVEL = "-Owholemodule";
            USE_HEADERMAP = "NO";
         };
         name = "Release";
      };
      "OBJ_40" = {
         isa = "PBXFileReference";
         path = "PropertyInfo.swift";
         sourceTree = "<group>";
      };
      "OBJ_41" = {
         isa = "PBXFileReference";
         path = "TypeInfo.swift";
         sourceTree = "<group>";
      };
      "OBJ_42" = {
         isa = "PBXFileReference";
         path = "TypeInfoConvertible.swift";
         sourceTree = "<group>";
      };
      "OBJ_43" = {
         isa = "PBXGroup";
         children = (
            "OBJ_44",
            "OBJ_45",
            "OBJ_46",
            "OBJ_47"
         );
         name = "Pointers";
         path = "Pointers";
         sourceTree = "<group>";
      };
      "OBJ_44" = {
         isa = "PBXFileReference";
         path = "Pointers.swift";
         sourceTree = "<group>";
      };
      "OBJ_45" = {
         isa = "PBXFileReference";
         path = "RelativePointer.swift";
         sourceTree = "<group>";
      };
      "OBJ_46" = {
         isa = "PBXFileReference";
         path = "RelativeVectorPointer.swift";
         sourceTree = "<group>";
      };
      "OBJ_47" = {
         isa = "PBXFileReference";
         path = "Vector.swift";
         sourceTree = "<group>";
      };
      "OBJ_48" = {
         isa = "PBXGroup";
         children = (
            "OBJ_49",
            "OBJ_50",
            "OBJ_51",
            "OBJ_52",
            "OBJ_53",
            "OBJ_54"
         );
         name = "Utilities";
         path = "Utilities";
         sourceTree = "<group>";
      };
      "OBJ_49" = {
         isa = "PBXFileReference";
         path = "GetFieldAt.swift";
         sourceTree = "<group>";
      };
      "OBJ_5" = {
         isa = "PBXGroup";
         children = (
            "OBJ_6",
            "OBJ_7",
            "OBJ_55",
            "OBJ_64",
            "OBJ_65",
            "OBJ_66",
            "OBJ_67",
            "OBJ_68",
            "OBJ_69"
         );
         path = "";
         sourceTree = "<group>";
      };
      "OBJ_50" = {
         isa = "PBXFileReference";
         path = "GettersSetters.swift";
         sourceTree = "<group>";
      };
      "OBJ_51" = {
         isa = "PBXFileReference";
         path = "IntegerConvertible.swift";
         sourceTree = "<group>";
      };
      "OBJ_52" = {
         isa = "PBXFileReference";
         path = "Pointer+Extensions.swift";
         sourceTree = "<group>";
      };
      "OBJ_53" = {
         isa = "PBXFileReference";
         path = "RetainCounts.swift";
         sourceTree = "<group>";
      };
      "OBJ_54" = {
         isa = "PBXFileReference";
         path = "String+Extensions.swift";
         sourceTree = "<group>";
      };
      "OBJ_55" = {
         isa = "PBXGroup";
         children = (
            "OBJ_56"
         );
         name = "Tests";
         path = "";
         sourceTree = "SOURCE_ROOT";
      };
      "OBJ_56" = {
         isa = "PBXGroup";
         children = (
            "OBJ_57",
            "OBJ_58",
            "OBJ_59",
            "OBJ_60",
            "OBJ_61",
            "OBJ_62",
            "OBJ_63"
         );
         name = "RuntimeTests";
         path = "Tests/RuntimeTests";
         sourceTree = "SOURCE_ROOT";
      };
      "OBJ_57" = {
         isa = "PBXFileReference";
         path = "FactoryTests.swift";
         sourceTree = "<group>";
      };
      "OBJ_58" = {
         isa = "PBXFileReference";
         path = "GetSetClassTests.swift";
         sourceTree = "<group>";
      };
      "OBJ_59" = {
         isa = "PBXFileReference";
         path = "GetSetStructTests.swift";
         sourceTree = "<group>";
      };
      "OBJ_6" = {
         isa = "PBXFileReference";
         explicitFileType = "sourcecode.swift";
         path = "Package.swift";
         sourceTree = "<group>";
      };
      "OBJ_60" = {
         isa = "PBXFileReference";
         path = "MetadataTests.swift";
         sourceTree = "<group>";
      };
      "OBJ_61" = {
         isa = "PBXFileReference";
         path = "ValuePointerTests.swift";
         sourceTree = "<group>";
      };
      "OBJ_62" = {
         isa = "PBXFileReference";
         path = "ValueWitnessTableTests.swift";
         sourceTree = "<group>";
      };
      "OBJ_63" = {
         isa = "PBXFileReference";
         path = "XCTestManifests.swift";
         sourceTree = "<group>";
      };
      "OBJ_64" = {
         isa = "PBXFileReference";
         path = "Resources";
         sourceTree = "SOURCE_ROOT";
      };
      "OBJ_65" = {
         isa = "PBXFileReference";
         path = "Runtime";
         sourceTree = "SOURCE_ROOT";
      };
      "OBJ_66" = {
         isa = "PBXFileReference";
         path = "Scripts";
         sourceTree = "SOURCE_ROOT";
      };
      "OBJ_67" = {
         isa = "PBXFileReference";
         path = "RuntimeTests";
         sourceTree = "SOURCE_ROOT";
      };
      "OBJ_68" = {
         isa = "PBXGroup";
         children = (
         );
         name = "Dependencies";
         path = "";
         sourceTree = "<group>";
      };
      "OBJ_69" = {
         isa = "PBXGroup";
         children = (
            "Runtime::Runtime::Product",
            "Runtime::RuntimeTests::Product"
         );
         name = "Products";
         path = "";
         sourceTree = "BUILT_PRODUCTS_DIR";
      };
      "OBJ_7" = {
         isa = "PBXGroup";
         children = (
            "OBJ_8"
         );
         name = "Sources";
         path = "";
         sourceTree = "SOURCE_ROOT";
      };
      "OBJ_73" = {
         isa = "XCConfigurationList";
         buildConfigurations = (
            "OBJ_74",
            "OBJ_75"
         );
         defaultConfigurationIsVisible = "0";
         defaultConfigurationName = "Release";
      };
      "OBJ_74" = {
         isa = "XCBuildConfiguration";
         buildSettings = {
         };
         name = "Debug";
      };
      "OBJ_75" = {
         isa = "XCBuildConfiguration";
         buildSettings = {
         };
         name = "Release";
      };
      "OBJ_77" = {
         isa = "XCConfigurationList";
         buildConfigurations = (
            "OBJ_78",
            "OBJ_79"
         );
         defaultConfigurationIsVisible = "0";
         defaultConfigurationName = "Release";
      };
      "OBJ_78" = {
         isa = "XCBuildConfiguration";
         buildSettings = {
            ENABLE_TESTABILITY = "YES";
            FRAMEWORK_SEARCH_PATHS = (
               "$(inherited)",
               "$(PLATFORM_DIR)/Developer/Library/Frameworks"
            );
            HEADER_SEARCH_PATHS = (
               "$(inherited)",
               "$(SRCROOT)/.build/checkouts/CRuntime.git--1672828878229581488/Sources/CRuntime"
            );
            INFOPLIST_FILE = "Runtime.xcodeproj/Runtime_Info.plist";
            LD_RUNPATH_SEARCH_PATHS = (
               "$(inherited)",
               "$(TOOLCHAIN_DIR)/usr/lib/swift/macosx"
            );
            OTHER_CFLAGS = (
               "$(inherited)"
            );
            OTHER_LDFLAGS = (
               "$(inherited)"
            );
            OTHER_SWIFT_FLAGS = (
               "$(inherited)"
            );
            PRODUCT_BUNDLE_IDENTIFIER = "Runtime";
            PRODUCT_MODULE_NAME = "$(TARGET_NAME:c99extidentifier)";
            PRODUCT_NAME = "$(TARGET_NAME:c99extidentifier)";
            SKIP_INSTALL = "YES";
            SWIFT_ACTIVE_COMPILATION_CONDITIONS = (
               "$(inherited)"
            );
            SWIFT_VERSION = "4.2";
            TARGET_NAME = "Runtime";
         };
         name = "Debug";
      };
      "OBJ_79" = {
         isa = "XCBuildConfiguration";
         buildSettings = {
            ENABLE_TESTABILITY = "YES";
            FRAMEWORK_SEARCH_PATHS = (
               "$(inherited)",
               "$(PLATFORM_DIR)/Developer/Library/Frameworks"
            );
            HEADER_SEARCH_PATHS = (
               "$(inherited)",
               "$(SRCROOT)/.build/checkouts/CRuntime.git--1672828878229581488/Sources/CRuntime"
            );
            INFOPLIST_FILE = "Runtime.xcodeproj/Runtime_Info.plist";
            LD_RUNPATH_SEARCH_PATHS = (
               "$(inherited)",
               "$(TOOLCHAIN_DIR)/usr/lib/swift/macosx"
            );
            OTHER_CFLAGS = (
               "$(inherited)"
            );
            OTHER_LDFLAGS = (
               "$(inherited)"
            );
            OTHER_SWIFT_FLAGS = (
               "$(inherited)"
            );
            PRODUCT_BUNDLE_IDENTIFIER = "Runtime";
            PRODUCT_MODULE_NAME = "$(TARGET_NAME:c99extidentifier)";
            PRODUCT_NAME = "$(TARGET_NAME:c99extidentifier)";
            SKIP_INSTALL = "YES";
            SWIFT_ACTIVE_COMPILATION_CONDITIONS = (
               "$(inherited)"
            );
            SWIFT_VERSION = "4.2";
            TARGET_NAME = "Runtime";
         };
         name = "Release";
      };
      "OBJ_8" = {
         isa = "PBXGroup";
         children = (
            "OBJ_9",
            "OBJ_12",
            "OBJ_27",
            "OBJ_36",
            "OBJ_43",
            "OBJ_48"
         );
         name = "Runtime";
         path = "Sources/Runtime";
         sourceTree = "SOURCE_ROOT";
      };
      "OBJ_80" = {
         isa = "PBXSourcesBuildPhase";
         files = (
            "OBJ_81",
            "OBJ_82",
            "OBJ_83",
            "OBJ_84",
            "OBJ_85",
            "OBJ_86",
            "OBJ_87",
            "OBJ_88",
            "OBJ_89",
            "OBJ_90",
            "OBJ_91",
            "OBJ_92",
            "OBJ_93",
            "OBJ_94",
            "OBJ_95",
            "OBJ_96",
            "OBJ_97",
            "OBJ_98",
            "OBJ_99",
            "OBJ_100",
            "OBJ_101",
            "OBJ_102",
            "OBJ_103",
            "OBJ_104",
            "OBJ_105",
            "OBJ_106",
            "OBJ_107",
            "OBJ_108",
            "OBJ_109",
            "OBJ_110",
            "OBJ_111",
            "OBJ_112",
            "OBJ_113",
            "OBJ_114",
            "OBJ_115",
            "OBJ_116",
            "OBJ_117",
            "OBJ_118",
            "OBJ_119",
            "OBJ_120"
         );
      };
      "OBJ_81" = {
         isa = "PBXBuildFile";
         fileRef = "OBJ_10";
      };
      "OBJ_82" = {
         isa = "PBXBuildFile";
         fileRef = "OBJ_11";
      };
      "OBJ_83" = {
         isa = "PBXBuildFile";
         fileRef = "OBJ_13";
      };
      "OBJ_84" = {
         isa = "PBXBuildFile";
         fileRef = "OBJ_14";
      };
      "OBJ_85" = {
         isa = "PBXBuildFile";
         fileRef = "OBJ_15";
      };
      "OBJ_86" = {
         isa = "PBXBuildFile";
         fileRef = "OBJ_16";
      };
      "OBJ_87" = {
         isa = "PBXBuildFile";
         fileRef = "OBJ_17";
      };
      "OBJ_88" = {
         isa = "PBXBuildFile";
         fileRef = "OBJ_18";
      };
      "OBJ_89" = {
         isa = "PBXBuildFile";
         fileRef = "OBJ_19";
      };
      "OBJ_9" = {
         isa = "PBXGroup";
         children = (
            "OBJ_10",
            "OBJ_11"
         );
         name = "Factory";
         path = "Factory";
         sourceTree = "<group>";
      };
      "OBJ_90" = {
         isa = "PBXBuildFile";
         fileRef = "OBJ_20";
      };
      "OBJ_91" = {
         isa = "PBXBuildFile";
         fileRef = "OBJ_21";
      };
      "OBJ_92" = {
         isa = "PBXBuildFile";
         fileRef = "OBJ_22";
      };
      "OBJ_93" = {
         isa = "PBXBuildFile";
         fileRef = "OBJ_23";
      };
      "OBJ_94" = {
         isa = "PBXBuildFile";
         fileRef = "OBJ_24";
      };
      "OBJ_95" = {
         isa = "PBXBuildFile";
         fileRef = "OBJ_25";
      };
      "OBJ_96" = {
         isa = "PBXBuildFile";
         fileRef = "OBJ_26";
      };
      "OBJ_97" = {
         isa = "PBXBuildFile";
         fileRef = "OBJ_28";
      };
      "OBJ_98" = {
         isa = "PBXBuildFile";
         fileRef = "OBJ_29";
      };
      "OBJ_99" = {
         isa = "PBXBuildFile";
         fileRef = "OBJ_30";
      };
      "Runtime::Runtime" = {
         isa = "PBXNativeTarget";
         buildConfigurationList = "OBJ_77";
         buildPhases = (
            "OBJ_80",
            "OBJ_121"
         );
         dependencies = (
         );
         name = "Runtime";
         productName = "Runtime";
         productReference = "Runtime::Runtime::Product";
         productType = "com.apple.product-type.framework";
      };
      "Runtime::Runtime::Product" = {
         isa = "PBXFileReference";
         path = "Runtime.framework";
         sourceTree = "BUILT_PRODUCTS_DIR";
      };
      "Runtime::RuntimePackageTests::ProductTarget" = {
         isa = "PBXAggregateTarget";
         buildConfigurationList = "OBJ_129";
         buildPhases = (
         );
         dependencies = (
            "OBJ_132"
         );
         name = "RuntimePackageTests";
         productName = "RuntimePackageTests";
      };
      "Runtime::RuntimeTests" = {
         isa = "PBXNativeTarget";
         buildConfigurationList = "OBJ_134";
         buildPhases = (
            "OBJ_137",
            "OBJ_145"
         );
         dependencies = (
            "OBJ_147"
         );
         name = "RuntimeTests";
         productName = "RuntimeTests";
         productReference = "Runtime::RuntimeTests::Product";
         productType = "com.apple.product-type.bundle.unit-test";
      };
      "Runtime::RuntimeTests::Product" = {
         isa = "PBXFileReference";
         path = "RuntimeTests.xctest";
         sourceTree = "BUILT_PRODUCTS_DIR";
      };
      "Runtime::SwiftPMPackageDescription" = {
         isa = "PBXNativeTarget";
         buildConfigurationList = "OBJ_123";
         buildPhases = (
            "OBJ_126"
         );
         dependencies = (
         );
         name = "RuntimePackageDescription";
         productName = "RuntimePackageDescription";
         productType = "com.apple.product-type.framework";
      };
   };
   rootObject = "OBJ_1";
}
