// !$*UTF8*$!
{
	archiveVersion = 1;
	classes = {
	};
	objectVersion = 46;
	objects = {

/* Begin PBXAggregateTarget section */
		"CRuntime::CRuntime::ProductTarget" /* CRuntime */ = {
			isa = PBXAggregateTarget;
			buildConfigurationList = OBJ_73 /* Build configuration list for PBXAggregateTarget "CRuntime" */;
			buildPhases = (
			);
			dependencies = (
			);
			name = CRuntime;
			productName = CRuntime;
		};
		"Runtime::RuntimePackageTests::ProductTarget" /* RuntimePackageTests */ = {
			isa = PBXAggregateTarget;
			buildConfigurationList = OBJ_129 /* Build configuration list for PBXAggregateTarget "RuntimePackageTests" */;
			buildPhases = (
			);
			dependencies = (
				OBJ_132 /* PBXTargetDependency */,
			);
			name = RuntimePackageTests;
			productName = RuntimePackageTests;
		};
/* End PBXAggregateTarget section */

/* Begin PBXBuildFile section */
		DE2C1CAA22581BA400DF6CB5 /* TypeDescriptor.swift in Sources */ = {isa = PBXBuildFile; fileRef = DE2C1CA922581BA400DF6CB5 /* TypeDescriptor.swift */; };
		DE2C1CAC2258FED800DF6CB5 /* EnumTypeDescriptor.swift in Sources */ = {isa = PBXBuildFile; fileRef = DE2C1CAB2258FED800DF6CB5 /* EnumTypeDescriptor.swift */; };
		DE6544C62254377E001352E1 /* FieldDescriptor.swift in Sources */ = {isa = PBXBuildFile; fileRef = DE6544C52254377E001352E1 /* FieldDescriptor.swift */; };
		DEB67B5A2259132800CE3E27 /* Case.swift in Sources */ = {isa = PBXBuildFile; fileRef = DEB67B592259132800CE3E27 /* Case.swift */; };
		DEB67B5C225924FE00CE3E27 /* Union.swift in Sources */ = {isa = PBXBuildFile; fileRef = DEB67B5B225924FE00CE3E27 /* Union.swift */; };
		DEB67B5E22593EF800CE3E27 /* TargetTypeGenericContextDescriptorHeader.swift in Sources */ = {isa = PBXBuildFile; fileRef = DEB67B5D22593EF800CE3E27 /* TargetTypeGenericContextDescriptorHeader.swift */; };
		DEB67B602259448F00CE3E27 /* NominalMetadataType.swift in Sources */ = {isa = PBXBuildFile; fileRef = DEB67B5F2259448F00CE3E27 /* NominalMetadataType.swift */; };
		OBJ_100 /* Metadata.swift in Sources */ = {isa = PBXBuildFile; fileRef = OBJ_31 /* Metadata.swift */; };
		OBJ_101 /* MetadataType.swift in Sources */ = {isa = PBXBuildFile; fileRef = OBJ_32 /* MetadataType.swift */; };
		OBJ_102 /* ProtocolMetadata.swift in Sources */ = {isa = PBXBuildFile; fileRef = OBJ_33 /* ProtocolMetadata.swift */; };
		OBJ_103 /* StructMetadata.swift in Sources */ = {isa = PBXBuildFile; fileRef = OBJ_34 /* StructMetadata.swift */; };
		OBJ_104 /* TupleMetadata.swift in Sources */ = {isa = PBXBuildFile; fileRef = OBJ_35 /* TupleMetadata.swift */; };
		OBJ_105 /* Errors.swift in Sources */ = {isa = PBXBuildFile; fileRef = OBJ_37 /* Errors.swift */; };
		OBJ_106 /* FunctionInfo.swift in Sources */ = {isa = PBXBuildFile; fileRef = OBJ_38 /* FunctionInfo.swift */; };
		OBJ_107 /* Kind.swift in Sources */ = {isa = PBXBuildFile; fileRef = OBJ_39 /* Kind.swift */; };
		OBJ_108 /* PropertyInfo.swift in Sources */ = {isa = PBXBuildFile; fileRef = OBJ_40 /* PropertyInfo.swift */; };
		OBJ_109 /* TypeInfo.swift in Sources */ = {isa = PBXBuildFile; fileRef = OBJ_41 /* TypeInfo.swift */; };
		OBJ_110 /* TypeInfoConvertible.swift in Sources */ = {isa = PBXBuildFile; fileRef = OBJ_42 /* TypeInfoConvertible.swift */; };
		OBJ_111 /* Pointers.swift in Sources */ = {isa = PBXBuildFile; fileRef = OBJ_44 /* Pointers.swift */; };
		OBJ_112 /* RelativePointer.swift in Sources */ = {isa = PBXBuildFile; fileRef = OBJ_45 /* RelativePointer.swift */; };
		OBJ_113 /* RelativeVectorPointer.swift in Sources */ = {isa = PBXBuildFile; fileRef = OBJ_46 /* RelativeVectorPointer.swift */; };
		OBJ_114 /* Vector.swift in Sources */ = {isa = PBXBuildFile; fileRef = OBJ_47 /* Vector.swift */; };
		OBJ_115 /* GetFieldAt.swift in Sources */ = {isa = PBXBuildFile; fileRef = OBJ_49 /* GetFieldAt.swift */; };
		OBJ_116 /* GettersSetters.swift in Sources */ = {isa = PBXBuildFile; fileRef = OBJ_50 /* GettersSetters.swift */; };
		OBJ_117 /* IntegerConvertible.swift in Sources */ = {isa = PBXBuildFile; fileRef = OBJ_51 /* IntegerConvertible.swift */; };
		OBJ_118 /* Pointer+Extensions.swift in Sources */ = {isa = PBXBuildFile; fileRef = OBJ_52 /* Pointer+Extensions.swift */; };
		OBJ_119 /* RetainCounts.swift in Sources */ = {isa = PBXBuildFile; fileRef = OBJ_53 /* RetainCounts.swift */; };
		OBJ_120 /* String+Extensions.swift in Sources */ = {isa = PBXBuildFile; fileRef = OBJ_54 /* String+Extensions.swift */; };
		OBJ_127 /* Package.swift in Sources */ = {isa = PBXBuildFile; fileRef = OBJ_6 /* Package.swift */; };
		OBJ_138 /* FactoryTests.swift in Sources */ = {isa = PBXBuildFile; fileRef = OBJ_57 /* FactoryTests.swift */; };
		OBJ_139 /* GetSetClassTests.swift in Sources */ = {isa = PBXBuildFile; fileRef = OBJ_58 /* GetSetClassTests.swift */; };
		OBJ_140 /* GetSetStructTests.swift in Sources */ = {isa = PBXBuildFile; fileRef = OBJ_59 /* GetSetStructTests.swift */; };
		OBJ_141 /* MetadataTests.swift in Sources */ = {isa = PBXBuildFile; fileRef = OBJ_60 /* MetadataTests.swift */; };
		OBJ_142 /* ValuePointerTests.swift in Sources */ = {isa = PBXBuildFile; fileRef = OBJ_61 /* ValuePointerTests.swift */; };
		OBJ_143 /* ValueWitnessTableTests.swift in Sources */ = {isa = PBXBuildFile; fileRef = OBJ_62 /* ValueWitnessTableTests.swift */; };
		OBJ_144 /* XCTestManifests.swift in Sources */ = {isa = PBXBuildFile; fileRef = OBJ_63 /* XCTestManifests.swift */; };
		OBJ_146 /* Runtime.framework in Frameworks */ = {isa = PBXBuildFile; fileRef = "Runtime::Runtime::Product" /* Runtime.framework */; };
		OBJ_81 /* DefaultValue.swift in Sources */ = {isa = PBXBuildFile; fileRef = OBJ_10 /* DefaultValue.swift */; };
		OBJ_82 /* Factory.swift in Sources */ = {isa = PBXBuildFile; fileRef = OBJ_11 /* Factory.swift */; };
		OBJ_83 /* ClassHeader.swift in Sources */ = {isa = PBXBuildFile; fileRef = OBJ_13 /* ClassHeader.swift */; };
		OBJ_84 /* ClassMetadataLayout.swift in Sources */ = {isa = PBXBuildFile; fileRef = OBJ_14 /* ClassMetadataLayout.swift */; };
		OBJ_85 /* ClassTypeDescriptor.swift in Sources */ = {isa = PBXBuildFile; fileRef = OBJ_15 /* ClassTypeDescriptor.swift */; };
		OBJ_86 /* EnumMetadataLayout.swift in Sources */ = {isa = PBXBuildFile; fileRef = OBJ_16 /* EnumMetadataLayout.swift */; };
		OBJ_87 /* ExistentialContainter.swift in Sources */ = {isa = PBXBuildFile; fileRef = OBJ_17 /* ExistentialContainter.swift */; };
		OBJ_88 /* FunctionMetadataLayout.swift in Sources */ = {isa = PBXBuildFile; fileRef = OBJ_18 /* FunctionMetadataLayout.swift */; };
		OBJ_89 /* MetadataLayoutType.swift in Sources */ = {isa = PBXBuildFile; fileRef = OBJ_19 /* MetadataLayoutType.swift */; };
		OBJ_90 /* ProtocolDescriptor.swift in Sources */ = {isa = PBXBuildFile; fileRef = OBJ_20 /* ProtocolDescriptor.swift */; };
		OBJ_91 /* ProtocolMetadataLayout.swift in Sources */ = {isa = PBXBuildFile; fileRef = OBJ_21 /* ProtocolMetadataLayout.swift */; };
		OBJ_92 /* ProtocolTypeContainer.swift in Sources */ = {isa = PBXBuildFile; fileRef = OBJ_22 /* ProtocolTypeContainer.swift */; };
		OBJ_93 /* StructMetadataLayout.swift in Sources */ = {isa = PBXBuildFile; fileRef = OBJ_23 /* StructMetadataLayout.swift */; };
		OBJ_94 /* StructTypeDescriptor.swift in Sources */ = {isa = PBXBuildFile; fileRef = OBJ_24 /* StructTypeDescriptor.swift */; };
		OBJ_95 /* TupleMetadataLayout.swift in Sources */ = {isa = PBXBuildFile; fileRef = OBJ_25 /* TupleMetadataLayout.swift */; };
		OBJ_96 /* ValueWitnessTable.swift in Sources */ = {isa = PBXBuildFile; fileRef = OBJ_26 /* ValueWitnessTable.swift */; };
		OBJ_97 /* ClassMetadata.swift in Sources */ = {isa = PBXBuildFile; fileRef = OBJ_28 /* ClassMetadata.swift */; };
		OBJ_98 /* EnumMetadata.swift in Sources */ = {isa = PBXBuildFile; fileRef = OBJ_29 /* EnumMetadata.swift */; };
		OBJ_99 /* FuntionMetadata.swift in Sources */ = {isa = PBXBuildFile; fileRef = OBJ_30 /* FuntionMetadata.swift */; };
/* End PBXBuildFile section */

/* Begin PBXContainerItemProxy section */
		DE6544C3225431DE001352E1 /* PBXContainerItemProxy */ = {
			isa = PBXContainerItemProxy;
			containerPortal = OBJ_1 /* Project object */;
			proxyType = 1;
			remoteGlobalIDString = "Runtime::Runtime";
			remoteInfo = Runtime;
		};
		DE6544C4225431E1001352E1 /* PBXContainerItemProxy */ = {
			isa = PBXContainerItemProxy;
			containerPortal = OBJ_1 /* Project object */;
			proxyType = 1;
			remoteGlobalIDString = "Runtime::RuntimeTests";
			remoteInfo = RuntimeTests;
		};
/* End PBXContainerItemProxy section */

/* Begin PBXFileReference section */
		DE2C1CA922581BA400DF6CB5 /* TypeDescriptor.swift */ = {isa = PBXFileReference; lastKnownFileType = sourcecode.swift; path = TypeDescriptor.swift; sourceTree = "<group>"; };
		DE2C1CAB2258FED800DF6CB5 /* EnumTypeDescriptor.swift */ = {isa = PBXFileReference; lastKnownFileType = sourcecode.swift; path = EnumTypeDescriptor.swift; sourceTree = "<group>"; };
		DE6544C52254377E001352E1 /* FieldDescriptor.swift */ = {isa = PBXFileReference; lastKnownFileType = sourcecode.swift; path = FieldDescriptor.swift; sourceTree = "<group>"; };
		DEB67B592259132800CE3E27 /* Case.swift */ = {isa = PBXFileReference; lastKnownFileType = sourcecode.swift; path = Case.swift; sourceTree = "<group>"; };
		DEB67B5B225924FE00CE3E27 /* Union.swift */ = {isa = PBXFileReference; lastKnownFileType = sourcecode.swift; path = Union.swift; sourceTree = "<group>"; };
		DEB67B5D22593EF800CE3E27 /* TargetTypeGenericContextDescriptorHeader.swift */ = {isa = PBXFileReference; lastKnownFileType = sourcecode.swift; path = TargetTypeGenericContextDescriptorHeader.swift; sourceTree = "<group>"; };
		DEB67B5F2259448F00CE3E27 /* NominalMetadataType.swift */ = {isa = PBXFileReference; lastKnownFileType = sourcecode.swift; path = NominalMetadataType.swift; sourceTree = "<group>"; };
		OBJ_10 /* DefaultValue.swift */ = {isa = PBXFileReference; lastKnownFileType = sourcecode.swift; path = DefaultValue.swift; sourceTree = "<group>"; };
		OBJ_11 /* Factory.swift */ = {isa = PBXFileReference; lastKnownFileType = sourcecode.swift; path = Factory.swift; sourceTree = "<group>"; };
		OBJ_13 /* ClassHeader.swift */ = {isa = PBXFileReference; lastKnownFileType = sourcecode.swift; path = ClassHeader.swift; sourceTree = "<group>"; };
		OBJ_14 /* ClassMetadataLayout.swift */ = {isa = PBXFileReference; lastKnownFileType = sourcecode.swift; path = ClassMetadataLayout.swift; sourceTree = "<group>"; };
		OBJ_15 /* ClassTypeDescriptor.swift */ = {isa = PBXFileReference; lastKnownFileType = sourcecode.swift; path = ClassTypeDescriptor.swift; sourceTree = "<group>"; };
		OBJ_16 /* EnumMetadataLayout.swift */ = {isa = PBXFileReference; lastKnownFileType = sourcecode.swift; path = EnumMetadataLayout.swift; sourceTree = "<group>"; };
		OBJ_17 /* ExistentialContainter.swift */ = {isa = PBXFileReference; lastKnownFileType = sourcecode.swift; path = ExistentialContainter.swift; sourceTree = "<group>"; };
		OBJ_18 /* FunctionMetadataLayout.swift */ = {isa = PBXFileReference; lastKnownFileType = sourcecode.swift; path = FunctionMetadataLayout.swift; sourceTree = "<group>"; };
		OBJ_19 /* MetadataLayoutType.swift */ = {isa = PBXFileReference; lastKnownFileType = sourcecode.swift; path = MetadataLayoutType.swift; sourceTree = "<group>"; };
		OBJ_20 /* ProtocolDescriptor.swift */ = {isa = PBXFileReference; lastKnownFileType = sourcecode.swift; path = ProtocolDescriptor.swift; sourceTree = "<group>"; };
		OBJ_21 /* ProtocolMetadataLayout.swift */ = {isa = PBXFileReference; lastKnownFileType = sourcecode.swift; path = ProtocolMetadataLayout.swift; sourceTree = "<group>"; };
		OBJ_22 /* ProtocolTypeContainer.swift */ = {isa = PBXFileReference; lastKnownFileType = sourcecode.swift; path = ProtocolTypeContainer.swift; sourceTree = "<group>"; };
		OBJ_23 /* StructMetadataLayout.swift */ = {isa = PBXFileReference; lastKnownFileType = sourcecode.swift; path = StructMetadataLayout.swift; sourceTree = "<group>"; };
		OBJ_24 /* StructTypeDescriptor.swift */ = {isa = PBXFileReference; lastKnownFileType = sourcecode.swift; path = StructTypeDescriptor.swift; sourceTree = "<group>"; };
		OBJ_25 /* TupleMetadataLayout.swift */ = {isa = PBXFileReference; lastKnownFileType = sourcecode.swift; path = TupleMetadataLayout.swift; sourceTree = "<group>"; };
		OBJ_26 /* ValueWitnessTable.swift */ = {isa = PBXFileReference; lastKnownFileType = sourcecode.swift; path = ValueWitnessTable.swift; sourceTree = "<group>"; };
		OBJ_28 /* ClassMetadata.swift */ = {isa = PBXFileReference; lastKnownFileType = sourcecode.swift; path = ClassMetadata.swift; sourceTree = "<group>"; };
		OBJ_29 /* EnumMetadata.swift */ = {isa = PBXFileReference; lastKnownFileType = sourcecode.swift; path = EnumMetadata.swift; sourceTree = "<group>"; };
		OBJ_30 /* FuntionMetadata.swift */ = {isa = PBXFileReference; lastKnownFileType = sourcecode.swift; path = FuntionMetadata.swift; sourceTree = "<group>"; };
		OBJ_31 /* Metadata.swift */ = {isa = PBXFileReference; lastKnownFileType = sourcecode.swift; path = Metadata.swift; sourceTree = "<group>"; };
		OBJ_32 /* MetadataType.swift */ = {isa = PBXFileReference; lastKnownFileType = sourcecode.swift; path = MetadataType.swift; sourceTree = "<group>"; };
		OBJ_33 /* ProtocolMetadata.swift */ = {isa = PBXFileReference; lastKnownFileType = sourcecode.swift; path = ProtocolMetadata.swift; sourceTree = "<group>"; };
		OBJ_34 /* StructMetadata.swift */ = {isa = PBXFileReference; lastKnownFileType = sourcecode.swift; path = StructMetadata.swift; sourceTree = "<group>"; };
		OBJ_35 /* TupleMetadata.swift */ = {isa = PBXFileReference; lastKnownFileType = sourcecode.swift; path = TupleMetadata.swift; sourceTree = "<group>"; };
		OBJ_37 /* Errors.swift */ = {isa = PBXFileReference; lastKnownFileType = sourcecode.swift; path = Errors.swift; sourceTree = "<group>"; };
		OBJ_38 /* FunctionInfo.swift */ = {isa = PBXFileReference; lastKnownFileType = sourcecode.swift; path = FunctionInfo.swift; sourceTree = "<group>"; };
		OBJ_39 /* Kind.swift */ = {isa = PBXFileReference; lastKnownFileType = sourcecode.swift; path = Kind.swift; sourceTree = "<group>"; };
		OBJ_40 /* PropertyInfo.swift */ = {isa = PBXFileReference; lastKnownFileType = sourcecode.swift; path = PropertyInfo.swift; sourceTree = "<group>"; };
		OBJ_41 /* TypeInfo.swift */ = {isa = PBXFileReference; lastKnownFileType = sourcecode.swift; path = TypeInfo.swift; sourceTree = "<group>"; };
		OBJ_42 /* TypeInfoConvertible.swift */ = {isa = PBXFileReference; lastKnownFileType = sourcecode.swift; path = TypeInfoConvertible.swift; sourceTree = "<group>"; };
		OBJ_44 /* Pointers.swift */ = {isa = PBXFileReference; lastKnownFileType = sourcecode.swift; path = Pointers.swift; sourceTree = "<group>"; };
		OBJ_45 /* RelativePointer.swift */ = {isa = PBXFileReference; lastKnownFileType = sourcecode.swift; path = RelativePointer.swift; sourceTree = "<group>"; };
		OBJ_46 /* RelativeVectorPointer.swift */ = {isa = PBXFileReference; lastKnownFileType = sourcecode.swift; path = RelativeVectorPointer.swift; sourceTree = "<group>"; };
		OBJ_47 /* Vector.swift */ = {isa = PBXFileReference; lastKnownFileType = sourcecode.swift; path = Vector.swift; sourceTree = "<group>"; };
		OBJ_49 /* GetFieldAt.swift */ = {isa = PBXFileReference; lastKnownFileType = sourcecode.swift; path = GetFieldAt.swift; sourceTree = "<group>"; };
		OBJ_50 /* GettersSetters.swift */ = {isa = PBXFileReference; lastKnownFileType = sourcecode.swift; path = GettersSetters.swift; sourceTree = "<group>"; };
		OBJ_51 /* IntegerConvertible.swift */ = {isa = PBXFileReference; lastKnownFileType = sourcecode.swift; path = IntegerConvertible.swift; sourceTree = "<group>"; };
		OBJ_52 /* Pointer+Extensions.swift */ = {isa = PBXFileReference; lastKnownFileType = sourcecode.swift; path = "Pointer+Extensions.swift"; sourceTree = "<group>"; };
		OBJ_53 /* RetainCounts.swift */ = {isa = PBXFileReference; lastKnownFileType = sourcecode.swift; path = RetainCounts.swift; sourceTree = "<group>"; };
		OBJ_54 /* String+Extensions.swift */ = {isa = PBXFileReference; lastKnownFileType = sourcecode.swift; path = "String+Extensions.swift"; sourceTree = "<group>"; };
		OBJ_57 /* FactoryTests.swift */ = {isa = PBXFileReference; lastKnownFileType = sourcecode.swift; path = FactoryTests.swift; sourceTree = "<group>"; };
		OBJ_58 /* GetSetClassTests.swift */ = {isa = PBXFileReference; lastKnownFileType = sourcecode.swift; path = GetSetClassTests.swift; sourceTree = "<group>"; };
		OBJ_59 /* GetSetStructTests.swift */ = {isa = PBXFileReference; lastKnownFileType = sourcecode.swift; path = GetSetStructTests.swift; sourceTree = "<group>"; };
		OBJ_6 /* Package.swift */ = {isa = PBXFileReference; explicitFileType = sourcecode.swift; path = Package.swift; sourceTree = "<group>"; };
		OBJ_60 /* MetadataTests.swift */ = {isa = PBXFileReference; lastKnownFileType = sourcecode.swift; path = MetadataTests.swift; sourceTree = "<group>"; };
		OBJ_61 /* ValuePointerTests.swift */ = {isa = PBXFileReference; lastKnownFileType = sourcecode.swift; path = ValuePointerTests.swift; sourceTree = "<group>"; };
		OBJ_62 /* ValueWitnessTableTests.swift */ = {isa = PBXFileReference; lastKnownFileType = sourcecode.swift; path = ValueWitnessTableTests.swift; sourceTree = "<group>"; };
		OBJ_63 /* XCTestManifests.swift */ = {isa = PBXFileReference; lastKnownFileType = sourcecode.swift; path = XCTestManifests.swift; sourceTree = "<group>"; };
		OBJ_64 /* Resources */ = {isa = PBXFileReference; lastKnownFileType = folder; path = Resources; sourceTree = SOURCE_ROOT; };
		OBJ_65 /* Runtime */ = {isa = PBXFileReference; lastKnownFileType = folder; path = Runtime; sourceTree = SOURCE_ROOT; };
		OBJ_66 /* Scripts */ = {isa = PBXFileReference; lastKnownFileType = folder; path = Scripts; sourceTree = SOURCE_ROOT; };
		OBJ_67 /* RuntimeTests */ = {isa = PBXFileReference; lastKnownFileType = folder; path = RuntimeTests; sourceTree = SOURCE_ROOT; };
		"Runtime::Runtime::Product" /* Runtime.framework */ = {isa = PBXFileReference; explicitFileType = wrapper.framework; path = Runtime.framework; sourceTree = BUILT_PRODUCTS_DIR; };
		"Runtime::RuntimeTests::Product" /* RuntimeTests.xctest */ = {isa = PBXFileReference; explicitFileType = wrapper.cfbundle; path = RuntimeTests.xctest; sourceTree = BUILT_PRODUCTS_DIR; };
/* End PBXFileReference section */

/* Begin PBXFrameworksBuildPhase section */
		OBJ_121 /* Frameworks */ = {
			isa = PBXFrameworksBuildPhase;
			buildActionMask = 0;
			files = (
			);
			runOnlyForDeploymentPostprocessing = 0;
		};
		OBJ_145 /* Frameworks */ = {
			isa = PBXFrameworksBuildPhase;
			buildActionMask = 0;
			files = (
				OBJ_146 /* Runtime.framework in Frameworks */,
			);
			runOnlyForDeploymentPostprocessing = 0;
		};
/* End PBXFrameworksBuildPhase section */

/* Begin PBXGroup section */
		OBJ_12 /* Layouts */ = {
			isa = PBXGroup;
			children = (
				OBJ_13 /* ClassHeader.swift */,
				OBJ_14 /* ClassMetadataLayout.swift */,
				OBJ_15 /* ClassTypeDescriptor.swift */,
				OBJ_16 /* EnumMetadataLayout.swift */,
				OBJ_17 /* ExistentialContainter.swift */,
				OBJ_18 /* FunctionMetadataLayout.swift */,
				OBJ_19 /* MetadataLayoutType.swift */,
				OBJ_20 /* ProtocolDescriptor.swift */,
				OBJ_21 /* ProtocolMetadataLayout.swift */,
				OBJ_22 /* ProtocolTypeContainer.swift */,
				OBJ_23 /* StructMetadataLayout.swift */,
				OBJ_24 /* StructTypeDescriptor.swift */,
				OBJ_25 /* TupleMetadataLayout.swift */,
				OBJ_26 /* ValueWitnessTable.swift */,
				DE6544C52254377E001352E1 /* FieldDescriptor.swift */,
				DE2C1CA922581BA400DF6CB5 /* TypeDescriptor.swift */,
				DE2C1CAB2258FED800DF6CB5 /* EnumTypeDescriptor.swift */,
				DEB67B5D22593EF800CE3E27 /* TargetTypeGenericContextDescriptorHeader.swift */,
			);
			path = Layouts;
			sourceTree = "<group>";
		};
		OBJ_27 /* Metadata */ = {
			isa = PBXGroup;
			children = (
				OBJ_28 /* ClassMetadata.swift */,
				OBJ_29 /* EnumMetadata.swift */,
				OBJ_30 /* FuntionMetadata.swift */,
				OBJ_31 /* Metadata.swift */,
				OBJ_32 /* MetadataType.swift */,
				OBJ_33 /* ProtocolMetadata.swift */,
				OBJ_34 /* StructMetadata.swift */,
				OBJ_35 /* TupleMetadata.swift */,
				DEB67B5F2259448F00CE3E27 /* NominalMetadataType.swift */,
			);
			path = Metadata;
			sourceTree = "<group>";
		};
		OBJ_36 /* Models */ = {
			isa = PBXGroup;
			children = (
				OBJ_37 /* Errors.swift */,
				OBJ_38 /* FunctionInfo.swift */,
				OBJ_39 /* Kind.swift */,
				OBJ_40 /* PropertyInfo.swift */,
				OBJ_41 /* TypeInfo.swift */,
				OBJ_42 /* TypeInfoConvertible.swift */,
				DEB67B592259132800CE3E27 /* Case.swift */,
			);
			path = Models;
			sourceTree = "<group>";
		};
		OBJ_43 /* Pointers */ = {
			isa = PBXGroup;
			children = (
				OBJ_44 /* Pointers.swift */,
				OBJ_45 /* RelativePointer.swift */,
				OBJ_46 /* RelativeVectorPointer.swift */,
				OBJ_47 /* Vector.swift */,
				DEB67B5B225924FE00CE3E27 /* Union.swift */,
			);
			path = Pointers;
			sourceTree = "<group>";
		};
		OBJ_48 /* Utilities */ = {
			isa = PBXGroup;
			children = (
				OBJ_49 /* GetFieldAt.swift */,
				OBJ_50 /* GettersSetters.swift */,
				OBJ_51 /* IntegerConvertible.swift */,
				OBJ_52 /* Pointer+Extensions.swift */,
				OBJ_53 /* RetainCounts.swift */,
				OBJ_54 /* String+Extensions.swift */,
			);
			path = Utilities;
			sourceTree = "<group>";
		};
		OBJ_5 = {
			isa = PBXGroup;
			children = (
				OBJ_6 /* Package.swift */,
				OBJ_7 /* Sources */,
				OBJ_55 /* Tests */,
				OBJ_64 /* Resources */,
				OBJ_65 /* Runtime */,
				OBJ_66 /* Scripts */,
				OBJ_67 /* RuntimeTests */,
				OBJ_68 /* Dependencies */,
				OBJ_69 /* Products */,
			);
			sourceTree = "<group>";
		};
		OBJ_55 /* Tests */ = {
			isa = PBXGroup;
			children = (
				OBJ_56 /* RuntimeTests */,
			);
			name = Tests;
			sourceTree = SOURCE_ROOT;
		};
		OBJ_56 /* RuntimeTests */ = {
			isa = PBXGroup;
			children = (
				OBJ_57 /* FactoryTests.swift */,
				OBJ_58 /* GetSetClassTests.swift */,
				OBJ_59 /* GetSetStructTests.swift */,
				OBJ_60 /* MetadataTests.swift */,
				OBJ_61 /* ValuePointerTests.swift */,
				OBJ_62 /* ValueWitnessTableTests.swift */,
				OBJ_63 /* XCTestManifests.swift */,
			);
			name = RuntimeTests;
			path = Tests/RuntimeTests;
			sourceTree = SOURCE_ROOT;
		};
		OBJ_68 /* Dependencies */ = {
			isa = PBXGroup;
			children = (
			);
			name = Dependencies;
			sourceTree = "<group>";
		};
		OBJ_69 /* Products */ = {
			isa = PBXGroup;
			children = (
				"Runtime::RuntimeTests::Product" /* RuntimeTests.xctest */,
				"Runtime::Runtime::Product" /* Runtime.framework */,
			);
			name = Products;
			sourceTree = BUILT_PRODUCTS_DIR;
		};
		OBJ_7 /* Sources */ = {
			isa = PBXGroup;
			children = (
				OBJ_8 /* Runtime */,
			);
			name = Sources;
			sourceTree = SOURCE_ROOT;
		};
		OBJ_8 /* Runtime */ = {
			isa = PBXGroup;
			children = (
				OBJ_9 /* Factory */,
				OBJ_12 /* Layouts */,
				OBJ_27 /* Metadata */,
				OBJ_36 /* Models */,
				OBJ_43 /* Pointers */,
				OBJ_48 /* Utilities */,
			);
			name = Runtime;
			path = Sources/Runtime;
			sourceTree = SOURCE_ROOT;
		};
		OBJ_9 /* Factory */ = {
			isa = PBXGroup;
			children = (
				OBJ_10 /* DefaultValue.swift */,
				OBJ_11 /* Factory.swift */,
			);
			path = Factory;
			sourceTree = "<group>";
		};
/* End PBXGroup section */

/* Begin PBXNativeTarget section */
		"Runtime::Runtime" /* Runtime */ = {
			isa = PBXNativeTarget;
			buildConfigurationList = OBJ_77 /* Build configuration list for PBXNativeTarget "Runtime" */;
			buildPhases = (
				9DEE0C712257E9B6006DF169 /* Run SwiftLint */,
				OBJ_80 /* Sources */,
				OBJ_121 /* Frameworks */,
			);
			buildRules = (
			);
			dependencies = (
			);
			name = Runtime;
			productName = Runtime;
			productReference = "Runtime::Runtime::Product" /* Runtime.framework */;
			productType = "com.apple.product-type.framework";
		};
		"Runtime::RuntimeTests" /* RuntimeTests */ = {
			isa = PBXNativeTarget;
			buildConfigurationList = OBJ_134 /* Build configuration list for PBXNativeTarget "RuntimeTests" */;
			buildPhases = (
				OBJ_137 /* Sources */,
				OBJ_145 /* Frameworks */,
			);
			buildRules = (
			);
			dependencies = (
				OBJ_147 /* PBXTargetDependency */,
			);
			name = RuntimeTests;
			productName = RuntimeTests;
			productReference = "Runtime::RuntimeTests::Product" /* RuntimeTests.xctest */;
			productType = "com.apple.product-type.bundle.unit-test";
		};
		"Runtime::SwiftPMPackageDescription" /* RuntimePackageDescription */ = {
			isa = PBXNativeTarget;
			buildConfigurationList = OBJ_123 /* Build configuration list for PBXNativeTarget "RuntimePackageDescription" */;
			buildPhases = (
				OBJ_126 /* Sources */,
			);
			buildRules = (
			);
			dependencies = (
			);
			name = RuntimePackageDescription;
			productName = RuntimePackageDescription;
			productType = "com.apple.product-type.framework";
		};
/* End PBXNativeTarget section */

/* Begin PBXProject section */
		OBJ_1 /* Project object */ = {
			isa = PBXProject;
			attributes = {
				LastUpgradeCheck = 9999;
				TargetAttributes = {
					"Runtime::Runtime" = {
						LastSwiftMigration = 1020;
					};
					"Runtime::RuntimeTests" = {
						LastSwiftMigration = 1020;
					};
				};
			};
			buildConfigurationList = OBJ_2 /* Build configuration list for PBXProject "Runtime" */;
			compatibilityVersion = "Xcode 3.2";
			developmentRegion = English;
			hasScannedForEncodings = 0;
			knownRegions = (
				English,
				en,
			);
			mainGroup = OBJ_5;
			productRefGroup = OBJ_69 /* Products */;
			projectDirPath = "";
			projectRoot = "";
			targets = (
				"CRuntime::CRuntime::ProductTarget" /* CRuntime */,
				"Runtime::Runtime" /* Runtime */,
				"Runtime::SwiftPMPackageDescription" /* RuntimePackageDescription */,
				"Runtime::RuntimePackageTests::ProductTarget" /* RuntimePackageTests */,
				"Runtime::RuntimeTests" /* RuntimeTests */,
			);
		};
/* End PBXProject section */

/* Begin PBXShellScriptBuildPhase section */
		9DEE0C712257E9B6006DF169 /* Run SwiftLint */ = {
			isa = PBXShellScriptBuildPhase;
			buildActionMask = 2147483647;
			files = (
			);
			inputFileListPaths = (
			);
			inputPaths = (
			);
			name = "Run SwiftLint";
			outputFileListPaths = (
			);
			outputPaths = (
			);
			runOnlyForDeploymentPostprocessing = 0;
			shellPath = /bin/sh;
			shellScript = "if which swiftlint >/dev/null; then\nswiftlint\nelse\necho \"warning: SwiftLint not installed, download from https://github.com/realm/SwiftLint or with HomeBrew: 'brew install swiftlint' \"\nfi\n";
		};
/* End PBXShellScriptBuildPhase section */

/* Begin PBXSourcesBuildPhase section */
		OBJ_126 /* Sources */ = {
			isa = PBXSourcesBuildPhase;
			buildActionMask = 0;
			files = (
				OBJ_127 /* Package.swift in Sources */,
			);
			runOnlyForDeploymentPostprocessing = 0;
		};
		OBJ_137 /* Sources */ = {
			isa = PBXSourcesBuildPhase;
			buildActionMask = 0;
			files = (
				OBJ_138 /* FactoryTests.swift in Sources */,
				OBJ_139 /* GetSetClassTests.swift in Sources */,
				OBJ_140 /* GetSetStructTests.swift in Sources */,
				OBJ_141 /* MetadataTests.swift in Sources */,
				OBJ_142 /* ValuePointerTests.swift in Sources */,
				OBJ_143 /* ValueWitnessTableTests.swift in Sources */,
				OBJ_144 /* XCTestManifests.swift in Sources */,
			);
			runOnlyForDeploymentPostprocessing = 0;
		};
		OBJ_80 /* Sources */ = {
			isa = PBXSourcesBuildPhase;
			buildActionMask = 0;
			files = (
				OBJ_81 /* DefaultValue.swift in Sources */,
				DE2C1CAC2258FED800DF6CB5 /* EnumTypeDescriptor.swift in Sources */,
				OBJ_82 /* Factory.swift in Sources */,
				OBJ_83 /* ClassHeader.swift in Sources */,
				OBJ_84 /* ClassMetadataLayout.swift in Sources */,
				OBJ_85 /* ClassTypeDescriptor.swift in Sources */,
				OBJ_86 /* EnumMetadataLayout.swift in Sources */,
				OBJ_87 /* ExistentialContainter.swift in Sources */,
				OBJ_88 /* FunctionMetadataLayout.swift in Sources */,
				OBJ_89 /* MetadataLayoutType.swift in Sources */,
				OBJ_90 /* ProtocolDescriptor.swift in Sources */,
				OBJ_91 /* ProtocolMetadataLayout.swift in Sources */,
				OBJ_92 /* ProtocolTypeContainer.swift in Sources */,
				OBJ_93 /* StructMetadataLayout.swift in Sources */,
				OBJ_94 /* StructTypeDescriptor.swift in Sources */,
				OBJ_95 /* TupleMetadataLayout.swift in Sources */,
				OBJ_96 /* ValueWitnessTable.swift in Sources */,
				OBJ_97 /* ClassMetadata.swift in Sources */,
				OBJ_98 /* EnumMetadata.swift in Sources */,
				OBJ_99 /* FuntionMetadata.swift in Sources */,
				DEB67B602259448F00CE3E27 /* NominalMetadataType.swift in Sources */,
				OBJ_100 /* Metadata.swift in Sources */,
				OBJ_101 /* MetadataType.swift in Sources */,
				OBJ_102 /* ProtocolMetadata.swift in Sources */,
				OBJ_103 /* StructMetadata.swift in Sources */,
				DEB67B5E22593EF800CE3E27 /* TargetTypeGenericContextDescriptorHeader.swift in Sources */,
				OBJ_104 /* TupleMetadata.swift in Sources */,
				OBJ_105 /* Errors.swift in Sources */,
				OBJ_106 /* FunctionInfo.swift in Sources */,
				OBJ_107 /* Kind.swift in Sources */,
				OBJ_108 /* PropertyInfo.swift in Sources */,
				DEB67B5C225924FE00CE3E27 /* Union.swift in Sources */,
				OBJ_109 /* TypeInfo.swift in Sources */,
				OBJ_110 /* TypeInfoConvertible.swift in Sources */,
				OBJ_111 /* Pointers.swift in Sources */,
				OBJ_112 /* RelativePointer.swift in Sources */,
				OBJ_113 /* RelativeVectorPointer.swift in Sources */,
				OBJ_114 /* Vector.swift in Sources */,
				OBJ_115 /* GetFieldAt.swift in Sources */,
				OBJ_116 /* GettersSetters.swift in Sources */,
				DEB67B5A2259132800CE3E27 /* Case.swift in Sources */,
				DE2C1CAA22581BA400DF6CB5 /* TypeDescriptor.swift in Sources */,
				OBJ_117 /* IntegerConvertible.swift in Sources */,
				OBJ_118 /* Pointer+Extensions.swift in Sources */,
				OBJ_119 /* RetainCounts.swift in Sources */,
				OBJ_120 /* String+Extensions.swift in Sources */,
				DE6544C62254377E001352E1 /* FieldDescriptor.swift in Sources */,
			);
			runOnlyForDeploymentPostprocessing = 0;
		};
/* End PBXSourcesBuildPhase section */

/* Begin PBXTargetDependency section */
		OBJ_132 /* PBXTargetDependency */ = {
			isa = PBXTargetDependency;
			target = "Runtime::RuntimeTests" /* RuntimeTests */;
			targetProxy = DE6544C4225431E1001352E1 /* PBXContainerItemProxy */;
		};
		OBJ_147 /* PBXTargetDependency */ = {
			isa = PBXTargetDependency;
			target = "Runtime::Runtime" /* Runtime */;
			targetProxy = DE6544C3225431DE001352E1 /* PBXContainerItemProxy */;
		};
/* End PBXTargetDependency section */

/* Begin XCBuildConfiguration section */
		OBJ_124 /* Debug */ = {
			isa = XCBuildConfiguration;
			buildSettings = {
				LD = /usr/bin/true;
				OTHER_SWIFT_FLAGS = "-swift-version 4.2 -I $(TOOLCHAIN_DIR)/usr/lib/swift/pm/4_2 -target x86_64-apple-macosx10.10 -sdk /Applications/Xcode.app/Contents/Developer/Platforms/MacOSX.platform/Developer/SDKs/MacOSX10.14.sdk";
				SWIFT_VERSION = 4.2;
			};
			name = Debug;
		};
		OBJ_125 /* Release */ = {
			isa = XCBuildConfiguration;
			buildSettings = {
				LD = /usr/bin/true;
				OTHER_SWIFT_FLAGS = "-swift-version 4.2 -I $(TOOLCHAIN_DIR)/usr/lib/swift/pm/4_2 -target x86_64-apple-macosx10.10 -sdk /Applications/Xcode.app/Contents/Developer/Platforms/MacOSX.platform/Developer/SDKs/MacOSX10.14.sdk";
				SWIFT_VERSION = 4.2;
			};
			name = Release;
		};
		OBJ_130 /* Debug */ = {
			isa = XCBuildConfiguration;
			buildSettings = {
			};
			name = Debug;
		};
		OBJ_131 /* Release */ = {
			isa = XCBuildConfiguration;
			buildSettings = {
			};
			name = Release;
		};
		OBJ_135 /* Debug */ = {
			isa = XCBuildConfiguration;
			buildSettings = {
				CLANG_ENABLE_MODULES = YES;
				EMBEDDED_CONTENT_CONTAINS_SWIFT = YES;
				FRAMEWORK_SEARCH_PATHS = (
					"$(inherited)",
					"$(PLATFORM_DIR)/Developer/Library/Frameworks",
				);
				HEADER_SEARCH_PATHS = (
					"$(inherited)",
					"$(SRCROOT)/.build/checkouts/CRuntime.git--4913803245925083066/Sources/CRuntime",
				);
				INFOPLIST_FILE = Runtime.xcodeproj/RuntimeTests_Info.plist;
				LD_RUNPATH_SEARCH_PATHS = "$(inherited) @loader_path/../Frameworks @loader_path/Frameworks";
				OTHER_CFLAGS = "$(inherited)";
				OTHER_LDFLAGS = "$(inherited)";
				OTHER_SWIFT_FLAGS = "$(inherited)";
				SWIFT_ACTIVE_COMPILATION_CONDITIONS = "$(inherited)";
				SWIFT_VERSION = 5.0;
				TARGET_NAME = RuntimeTests;
			};
			name = Debug;
		};
		OBJ_136 /* Release */ = {
			isa = XCBuildConfiguration;
			buildSettings = {
				CLANG_ENABLE_MODULES = YES;
				EMBEDDED_CONTENT_CONTAINS_SWIFT = YES;
				FRAMEWORK_SEARCH_PATHS = (
					"$(inherited)",
					"$(PLATFORM_DIR)/Developer/Library/Frameworks",
				);
				HEADER_SEARCH_PATHS = (
					"$(inherited)",
					"$(SRCROOT)/.build/checkouts/CRuntime.git--4913803245925083066/Sources/CRuntime",
				);
				INFOPLIST_FILE = Runtime.xcodeproj/RuntimeTests_Info.plist;
				LD_RUNPATH_SEARCH_PATHS = "$(inherited) @loader_path/../Frameworks @loader_path/Frameworks";
				OTHER_CFLAGS = "$(inherited)";
				OTHER_LDFLAGS = "$(inherited)";
				OTHER_SWIFT_FLAGS = "$(inherited)";
				SWIFT_ACTIVE_COMPILATION_CONDITIONS = "$(inherited)";
				SWIFT_VERSION = 5.0;
				TARGET_NAME = RuntimeTests;
			};
			name = Release;
		};
		OBJ_3 /* Debug */ = {
			isa = XCBuildConfiguration;
			buildSettings = {
				CLANG_ENABLE_OBJC_ARC = YES;
				COMBINE_HIDPI_IMAGES = YES;
				COPY_PHASE_STRIP = NO;
				DEBUG_INFORMATION_FORMAT = dwarf;
				DYLIB_INSTALL_NAME_BASE = "@rpath";
				ENABLE_NS_ASSERTIONS = YES;
				GCC_OPTIMIZATION_LEVEL = 0;
				GCC_PREPROCESSOR_DEFINITIONS = (
					"DEBUG=1",
					"$(inherited)",
				);
				MACOSX_DEPLOYMENT_TARGET = 10.10;
				ONLY_ACTIVE_ARCH = YES;
				OTHER_SWIFT_FLAGS = "-DXcode";
				PRODUCT_NAME = "$(TARGET_NAME)";
				SDKROOT = macosx;
				SUPPORTED_PLATFORMS = "macosx iphoneos iphonesimulator appletvos appletvsimulator watchos watchsimulator";
				SWIFT_ACTIVE_COMPILATION_CONDITIONS = "SWIFT_PACKAGE DEBUG";
				SWIFT_OPTIMIZATION_LEVEL = "-Onone";
				USE_HEADERMAP = NO;
			};
			name = Debug;
		};
		OBJ_4 /* Release */ = {
			isa = XCBuildConfiguration;
			buildSettings = {
				CLANG_ENABLE_OBJC_ARC = YES;
				COMBINE_HIDPI_IMAGES = YES;
				COPY_PHASE_STRIP = YES;
				DEBUG_INFORMATION_FORMAT = "dwarf-with-dsym";
				DYLIB_INSTALL_NAME_BASE = "@rpath";
				GCC_OPTIMIZATION_LEVEL = s;
				MACOSX_DEPLOYMENT_TARGET = 10.10;
				OTHER_SWIFT_FLAGS = "-DXcode";
				PRODUCT_NAME = "$(TARGET_NAME)";
				SDKROOT = macosx;
				SUPPORTED_PLATFORMS = "macosx iphoneos iphonesimulator appletvos appletvsimulator watchos watchsimulator";
				SWIFT_ACTIVE_COMPILATION_CONDITIONS = SWIFT_PACKAGE;
				SWIFT_OPTIMIZATION_LEVEL = "-Owholemodule";
				USE_HEADERMAP = NO;
			};
			name = Release;
		};
		OBJ_74 /* Debug */ = {
			isa = XCBuildConfiguration;
			buildSettings = {
			};
			name = Debug;
		};
		OBJ_75 /* Release */ = {
			isa = XCBuildConfiguration;
			buildSettings = {
			};
			name = Release;
		};
		OBJ_78 /* Debug */ = {
			isa = XCBuildConfiguration;
			buildSettings = {
				ENABLE_TESTABILITY = YES;
				FRAMEWORK_SEARCH_PATHS = (
					"$(inherited)",
					"$(PLATFORM_DIR)/Developer/Library/Frameworks",
				);
				HEADER_SEARCH_PATHS = (
					"$(inherited)",
					"$(SRCROOT)/.build/checkouts/CRuntime.git--4913803245925083066/Sources/CRuntime",
				);
				INFOPLIST_FILE = Runtime.xcodeproj/Runtime_Info.plist;
				LD_RUNPATH_SEARCH_PATHS = "$(inherited) $(TOOLCHAIN_DIR)/usr/lib/swift/macosx";
				OTHER_CFLAGS = "$(inherited)";
				OTHER_LDFLAGS = "$(inherited)";
				OTHER_SWIFT_FLAGS = "$(inherited)";
				PRODUCT_BUNDLE_IDENTIFIER = Runtime;
				PRODUCT_MODULE_NAME = "$(TARGET_NAME:c99extidentifier)";
				PRODUCT_NAME = "$(TARGET_NAME:c99extidentifier)";
				SKIP_INSTALL = YES;
				SWIFT_ACTIVE_COMPILATION_CONDITIONS = "$(inherited)";
				SWIFT_VERSION = 5.0;
				TARGET_NAME = Runtime;
			};
			name = Debug;
		};
		OBJ_79 /* Release */ = {
			isa = XCBuildConfiguration;
			buildSettings = {
				ENABLE_TESTABILITY = YES;
				FRAMEWORK_SEARCH_PATHS = (
					"$(inherited)",
					"$(PLATFORM_DIR)/Developer/Library/Frameworks",
				);
				HEADER_SEARCH_PATHS = (
					"$(inherited)",
					"$(SRCROOT)/.build/checkouts/CRuntime.git--4913803245925083066/Sources/CRuntime",
				);
				INFOPLIST_FILE = Runtime.xcodeproj/Runtime_Info.plist;
				LD_RUNPATH_SEARCH_PATHS = "$(inherited) $(TOOLCHAIN_DIR)/usr/lib/swift/macosx";
				OTHER_CFLAGS = "$(inherited)";
				OTHER_LDFLAGS = "$(inherited)";
				OTHER_SWIFT_FLAGS = "$(inherited)";
				PRODUCT_BUNDLE_IDENTIFIER = Runtime;
				PRODUCT_MODULE_NAME = "$(TARGET_NAME:c99extidentifier)";
				PRODUCT_NAME = "$(TARGET_NAME:c99extidentifier)";
				SKIP_INSTALL = YES;
				SWIFT_ACTIVE_COMPILATION_CONDITIONS = "$(inherited)";
				SWIFT_VERSION = 5.0;
				TARGET_NAME = Runtime;
			};
			name = Release;
		};
/* End XCBuildConfiguration section */

/* Begin XCConfigurationList section */
		OBJ_123 /* Build configuration list for PBXNativeTarget "RuntimePackageDescription" */ = {
			isa = XCConfigurationList;
			buildConfigurations = (
				OBJ_124 /* Debug */,
				OBJ_125 /* Release */,
			);
			defaultConfigurationIsVisible = 0;
			defaultConfigurationName = Release;
		};
		OBJ_129 /* Build configuration list for PBXAggregateTarget "RuntimePackageTests" */ = {
			isa = XCConfigurationList;
			buildConfigurations = (
				OBJ_130 /* Debug */,
				OBJ_131 /* Release */,
			);
			defaultConfigurationIsVisible = 0;
			defaultConfigurationName = Release;
		};
		OBJ_134 /* Build configuration list for PBXNativeTarget "RuntimeTests" */ = {
			isa = XCConfigurationList;
			buildConfigurations = (
				OBJ_135 /* Debug */,
				OBJ_136 /* Release */,
			);
			defaultConfigurationIsVisible = 0;
			defaultConfigurationName = Release;
		};
		OBJ_2 /* Build configuration list for PBXProject "Runtime" */ = {
			isa = XCConfigurationList;
			buildConfigurations = (
				OBJ_3 /* Debug */,
				OBJ_4 /* Release */,
			);
			defaultConfigurationIsVisible = 0;
			defaultConfigurationName = Release;
		};
		OBJ_73 /* Build configuration list for PBXAggregateTarget "CRuntime" */ = {
			isa = XCConfigurationList;
			buildConfigurations = (
				OBJ_74 /* Debug */,
				OBJ_75 /* Release */,
			);
			defaultConfigurationIsVisible = 0;
			defaultConfigurationName = Release;
		};
		OBJ_77 /* Build configuration list for PBXNativeTarget "Runtime" */ = {
			isa = XCConfigurationList;
			buildConfigurations = (
				OBJ_78 /* Debug */,
				OBJ_79 /* Release */,
			);
			defaultConfigurationIsVisible = 0;
			defaultConfigurationName = Release;
		};
/* End XCConfigurationList section */
	};
	rootObject = OBJ_1 /* Project object */;
}
