// !$*UTF8*$!
{
	archiveVersion = 1;
	classes = {
	};
	objectVersion = 46;
	objects = {

/* Begin PBXAggregateTarget section */
		"CRuntime::CRuntime::ProductTarget" /* CRuntime */ = {
			isa = PBXAggregateTarget;
			buildConfigurationList = OBJ_84 /* Build configuration list for PBXAggregateTarget "CRuntime" */;
			buildPhases = (
			);
			dependencies = (
			);
			name = CRuntime;
			productName = CRuntime;
		};
		"Runtime::RuntimePackageTests::ProductTarget" /* RuntimePackageTests */ = {
			isa = PBXAggregateTarget;
			buildConfigurationList = OBJ_146 /* Build configuration list for PBXAggregateTarget "RuntimePackageTests" */;
			buildPhases = (
			);
			dependencies = (
				OBJ_149 /* PBXTargetDependency */,
			);
			name = RuntimePackageTests;
			productName = RuntimePackageTests;
		};
/* End PBXAggregateTarget section */

/* Begin PBXBuildFile section */
		OBJ_100 /* FieldDescriptor.swift in Sources */ = {isa = PBXBuildFile; fileRef = OBJ_20 /* FieldDescriptor.swift */; };
		OBJ_101 /* FunctionMetadataLayout.swift in Sources */ = {isa = PBXBuildFile; fileRef = OBJ_21 /* FunctionMetadataLayout.swift */; };
		OBJ_102 /* MetadataLayoutType.swift in Sources */ = {isa = PBXBuildFile; fileRef = OBJ_22 /* MetadataLayoutType.swift */; };
		OBJ_103 /* ProtocolDescriptor.swift in Sources */ = {isa = PBXBuildFile; fileRef = OBJ_23 /* ProtocolDescriptor.swift */; };
		OBJ_104 /* ProtocolMetadataLayout.swift in Sources */ = {isa = PBXBuildFile; fileRef = OBJ_24 /* ProtocolMetadataLayout.swift */; };
		OBJ_105 /* ProtocolTypeContainer.swift in Sources */ = {isa = PBXBuildFile; fileRef = OBJ_25 /* ProtocolTypeContainer.swift */; };
		OBJ_106 /* StructMetadataLayout.swift in Sources */ = {isa = PBXBuildFile; fileRef = OBJ_26 /* StructMetadataLayout.swift */; };
		OBJ_107 /* StructTypeDescriptor.swift in Sources */ = {isa = PBXBuildFile; fileRef = OBJ_27 /* StructTypeDescriptor.swift */; };
		OBJ_108 /* TargetTypeGenericContextDescriptorHeader.swift in Sources */ = {isa = PBXBuildFile; fileRef = OBJ_28 /* TargetTypeGenericContextDescriptorHeader.swift */; };
		OBJ_109 /* TupleMetadataLayout.swift in Sources */ = {isa = PBXBuildFile; fileRef = OBJ_29 /* TupleMetadataLayout.swift */; };
		OBJ_110 /* TypeDescriptor.swift in Sources */ = {isa = PBXBuildFile; fileRef = OBJ_30 /* TypeDescriptor.swift */; };
		OBJ_111 /* ValueWitnessTable.swift in Sources */ = {isa = PBXBuildFile; fileRef = OBJ_31 /* ValueWitnessTable.swift */; };
		OBJ_112 /* ClassMetadata.swift in Sources */ = {isa = PBXBuildFile; fileRef = OBJ_33 /* ClassMetadata.swift */; };
		OBJ_113 /* EnumMetadata.swift in Sources */ = {isa = PBXBuildFile; fileRef = OBJ_34 /* EnumMetadata.swift */; };
		OBJ_114 /* FuntionMetadata.swift in Sources */ = {isa = PBXBuildFile; fileRef = OBJ_35 /* FuntionMetadata.swift */; };
		OBJ_115 /* Metadata.swift in Sources */ = {isa = PBXBuildFile; fileRef = OBJ_36 /* Metadata.swift */; };
		OBJ_116 /* MetadataType.swift in Sources */ = {isa = PBXBuildFile; fileRef = OBJ_37 /* MetadataType.swift */; };
		OBJ_117 /* NominalMetadataType.swift in Sources */ = {isa = PBXBuildFile; fileRef = OBJ_38 /* NominalMetadataType.swift */; };
		OBJ_118 /* ProtocolMetadata.swift in Sources */ = {isa = PBXBuildFile; fileRef = OBJ_39 /* ProtocolMetadata.swift */; };
		OBJ_119 /* StructMetadata.swift in Sources */ = {isa = PBXBuildFile; fileRef = OBJ_40 /* StructMetadata.swift */; };
		OBJ_120 /* TupleMetadata.swift in Sources */ = {isa = PBXBuildFile; fileRef = OBJ_41 /* TupleMetadata.swift */; };
		OBJ_121 /* Case.swift in Sources */ = {isa = PBXBuildFile; fileRef = OBJ_43 /* Case.swift */; };
		OBJ_122 /* Errors.swift in Sources */ = {isa = PBXBuildFile; fileRef = OBJ_44 /* Errors.swift */; };
		OBJ_123 /* FunctionInfo.swift in Sources */ = {isa = PBXBuildFile; fileRef = OBJ_45 /* FunctionInfo.swift */; };
		OBJ_124 /* Kind.swift in Sources */ = {isa = PBXBuildFile; fileRef = OBJ_46 /* Kind.swift */; };
		OBJ_125 /* PropertyInfo.swift in Sources */ = {isa = PBXBuildFile; fileRef = OBJ_47 /* PropertyInfo.swift */; };
		OBJ_126 /* TypeInfo.swift in Sources */ = {isa = PBXBuildFile; fileRef = OBJ_48 /* TypeInfo.swift */; };
		OBJ_127 /* TypeInfoConvertible.swift in Sources */ = {isa = PBXBuildFile; fileRef = OBJ_49 /* TypeInfoConvertible.swift */; };
		OBJ_128 /* Pointers.swift in Sources */ = {isa = PBXBuildFile; fileRef = OBJ_51 /* Pointers.swift */; };
		OBJ_129 /* RelativePointer.swift in Sources */ = {isa = PBXBuildFile; fileRef = OBJ_52 /* RelativePointer.swift */; };
		OBJ_130 /* RelativeVectorPointer.swift in Sources */ = {isa = PBXBuildFile; fileRef = OBJ_53 /* RelativeVectorPointer.swift */; };
		OBJ_131 /* Union.swift in Sources */ = {isa = PBXBuildFile; fileRef = OBJ_54 /* Union.swift */; };
		OBJ_132 /* Vector.swift in Sources */ = {isa = PBXBuildFile; fileRef = OBJ_55 /* Vector.swift */; };
		OBJ_133 /* GettersSetters.swift in Sources */ = {isa = PBXBuildFile; fileRef = OBJ_57 /* GettersSetters.swift */; };
		OBJ_135 /* Pointer+Extensions.swift in Sources */ = {isa = PBXBuildFile; fileRef = OBJ_59 /* Pointer+Extensions.swift */; };
		OBJ_136 /* RetainCounts.swift in Sources */ = {isa = PBXBuildFile; fileRef = OBJ_60 /* RetainCounts.swift */; };
		OBJ_137 /* String+Extensions.swift in Sources */ = {isa = PBXBuildFile; fileRef = OBJ_61 /* String+Extensions.swift */; };
		OBJ_144 /* Package.swift in Sources */ = {isa = PBXBuildFile; fileRef = OBJ_6 /* Package.swift */; };
		OBJ_155 /* FactoryTests.swift in Sources */ = {isa = PBXBuildFile; fileRef = OBJ_65 /* FactoryTests.swift */; };
		OBJ_156 /* GetSetClassTests.swift in Sources */ = {isa = PBXBuildFile; fileRef = OBJ_66 /* GetSetClassTests.swift */; };
		OBJ_157 /* GetSetStructTests.swift in Sources */ = {isa = PBXBuildFile; fileRef = OBJ_67 /* GetSetStructTests.swift */; };
		OBJ_158 /* MetadataTests.swift in Sources */ = {isa = PBXBuildFile; fileRef = OBJ_68 /* MetadataTests.swift */; };
		OBJ_159 /* ValuePointerTests.swift in Sources */ = {isa = PBXBuildFile; fileRef = OBJ_69 /* ValuePointerTests.swift */; };
		OBJ_160 /* ValueWitnessTableTests.swift in Sources */ = {isa = PBXBuildFile; fileRef = OBJ_70 /* ValueWitnessTableTests.swift */; };
		OBJ_161 /* XCTestManifests.swift in Sources */ = {isa = PBXBuildFile; fileRef = OBJ_71 /* XCTestManifests.swift */; };
		OBJ_163 /* Runtime.framework in Frameworks */ = {isa = PBXBuildFile; fileRef = "Runtime::Runtime::Product" /* Runtime.framework */; };
		OBJ_92 /* DefaultValue.swift in Sources */ = {isa = PBXBuildFile; fileRef = OBJ_11 /* DefaultValue.swift */; };
		OBJ_93 /* Factory.swift in Sources */ = {isa = PBXBuildFile; fileRef = OBJ_12 /* Factory.swift */; };
		OBJ_94 /* ClassHeader.swift in Sources */ = {isa = PBXBuildFile; fileRef = OBJ_14 /* ClassHeader.swift */; };
		OBJ_95 /* ClassMetadataLayout.swift in Sources */ = {isa = PBXBuildFile; fileRef = OBJ_15 /* ClassMetadataLayout.swift */; };
		OBJ_96 /* ClassTypeDescriptor.swift in Sources */ = {isa = PBXBuildFile; fileRef = OBJ_16 /* ClassTypeDescriptor.swift */; };
		OBJ_97 /* EnumMetadataLayout.swift in Sources */ = {isa = PBXBuildFile; fileRef = OBJ_17 /* EnumMetadataLayout.swift */; };
		OBJ_98 /* EnumTypeDescriptor.swift in Sources */ = {isa = PBXBuildFile; fileRef = OBJ_18 /* EnumTypeDescriptor.swift */; };
		OBJ_99 /* ExistentialContainter.swift in Sources */ = {isa = PBXBuildFile; fileRef = OBJ_19 /* ExistentialContainter.swift */; };
/* End PBXBuildFile section */

/* Begin PBXContainerItemProxy section */
		DE6236B9234407F200F3B010 /* PBXContainerItemProxy */ = {
			isa = PBXContainerItemProxy;
			containerPortal = OBJ_1 /* Project object */;
			proxyType = 1;
			remoteGlobalIDString = "Runtime::Runtime";
			remoteInfo = Runtime;
		};
		DE6236BA234407F300F3B010 /* PBXContainerItemProxy */ = {
			isa = PBXContainerItemProxy;
			containerPortal = OBJ_1 /* Project object */;
			proxyType = 1;
			remoteGlobalIDString = "Runtime::RuntimeTests";
			remoteInfo = RuntimeTests;
		};
/* End PBXContainerItemProxy section */

/* Begin PBXFileReference section */
		OBJ_11 /* DefaultValue.swift */ = {isa = PBXFileReference; lastKnownFileType = sourcecode.swift; path = DefaultValue.swift; sourceTree = "<group>"; };
		OBJ_12 /* Factory.swift */ = {isa = PBXFileReference; lastKnownFileType = sourcecode.swift; path = Factory.swift; sourceTree = "<group>"; };
		OBJ_14 /* ClassHeader.swift */ = {isa = PBXFileReference; lastKnownFileType = sourcecode.swift; path = ClassHeader.swift; sourceTree = "<group>"; };
		OBJ_15 /* ClassMetadataLayout.swift */ = {isa = PBXFileReference; lastKnownFileType = sourcecode.swift; path = ClassMetadataLayout.swift; sourceTree = "<group>"; };
		OBJ_16 /* ClassTypeDescriptor.swift */ = {isa = PBXFileReference; lastKnownFileType = sourcecode.swift; path = ClassTypeDescriptor.swift; sourceTree = "<group>"; };
		OBJ_17 /* EnumMetadataLayout.swift */ = {isa = PBXFileReference; lastKnownFileType = sourcecode.swift; path = EnumMetadataLayout.swift; sourceTree = "<group>"; };
		OBJ_18 /* EnumTypeDescriptor.swift */ = {isa = PBXFileReference; lastKnownFileType = sourcecode.swift; path = EnumTypeDescriptor.swift; sourceTree = "<group>"; };
		OBJ_19 /* ExistentialContainter.swift */ = {isa = PBXFileReference; lastKnownFileType = sourcecode.swift; path = ExistentialContainter.swift; sourceTree = "<group>"; };
		OBJ_20 /* FieldDescriptor.swift */ = {isa = PBXFileReference; lastKnownFileType = sourcecode.swift; path = FieldDescriptor.swift; sourceTree = "<group>"; };
		OBJ_21 /* FunctionMetadataLayout.swift */ = {isa = PBXFileReference; lastKnownFileType = sourcecode.swift; path = FunctionMetadataLayout.swift; sourceTree = "<group>"; };
		OBJ_22 /* MetadataLayoutType.swift */ = {isa = PBXFileReference; lastKnownFileType = sourcecode.swift; path = MetadataLayoutType.swift; sourceTree = "<group>"; };
		OBJ_23 /* ProtocolDescriptor.swift */ = {isa = PBXFileReference; lastKnownFileType = sourcecode.swift; path = ProtocolDescriptor.swift; sourceTree = "<group>"; };
		OBJ_24 /* ProtocolMetadataLayout.swift */ = {isa = PBXFileReference; lastKnownFileType = sourcecode.swift; path = ProtocolMetadataLayout.swift; sourceTree = "<group>"; };
		OBJ_25 /* ProtocolTypeContainer.swift */ = {isa = PBXFileReference; lastKnownFileType = sourcecode.swift; path = ProtocolTypeContainer.swift; sourceTree = "<group>"; };
		OBJ_26 /* StructMetadataLayout.swift */ = {isa = PBXFileReference; lastKnownFileType = sourcecode.swift; path = StructMetadataLayout.swift; sourceTree = "<group>"; };
		OBJ_27 /* StructTypeDescriptor.swift */ = {isa = PBXFileReference; lastKnownFileType = sourcecode.swift; path = StructTypeDescriptor.swift; sourceTree = "<group>"; };
		OBJ_28 /* TargetTypeGenericContextDescriptorHeader.swift */ = {isa = PBXFileReference; lastKnownFileType = sourcecode.swift; path = TargetTypeGenericContextDescriptorHeader.swift; sourceTree = "<group>"; };
		OBJ_29 /* TupleMetadataLayout.swift */ = {isa = PBXFileReference; lastKnownFileType = sourcecode.swift; path = TupleMetadataLayout.swift; sourceTree = "<group>"; };
		OBJ_30 /* TypeDescriptor.swift */ = {isa = PBXFileReference; lastKnownFileType = sourcecode.swift; path = TypeDescriptor.swift; sourceTree = "<group>"; };
		OBJ_31 /* ValueWitnessTable.swift */ = {isa = PBXFileReference; lastKnownFileType = sourcecode.swift; path = ValueWitnessTable.swift; sourceTree = "<group>"; };
		OBJ_33 /* ClassMetadata.swift */ = {isa = PBXFileReference; lastKnownFileType = sourcecode.swift; path = ClassMetadata.swift; sourceTree = "<group>"; };
		OBJ_34 /* EnumMetadata.swift */ = {isa = PBXFileReference; lastKnownFileType = sourcecode.swift; path = EnumMetadata.swift; sourceTree = "<group>"; };
		OBJ_35 /* FuntionMetadata.swift */ = {isa = PBXFileReference; lastKnownFileType = sourcecode.swift; path = FuntionMetadata.swift; sourceTree = "<group>"; };
		OBJ_36 /* Metadata.swift */ = {isa = PBXFileReference; lastKnownFileType = sourcecode.swift; path = Metadata.swift; sourceTree = "<group>"; };
		OBJ_37 /* MetadataType.swift */ = {isa = PBXFileReference; lastKnownFileType = sourcecode.swift; path = MetadataType.swift; sourceTree = "<group>"; };
		OBJ_38 /* NominalMetadataType.swift */ = {isa = PBXFileReference; lastKnownFileType = sourcecode.swift; path = NominalMetadataType.swift; sourceTree = "<group>"; };
		OBJ_39 /* ProtocolMetadata.swift */ = {isa = PBXFileReference; lastKnownFileType = sourcecode.swift; path = ProtocolMetadata.swift; sourceTree = "<group>"; };
		OBJ_40 /* StructMetadata.swift */ = {isa = PBXFileReference; lastKnownFileType = sourcecode.swift; path = StructMetadata.swift; sourceTree = "<group>"; };
		OBJ_41 /* TupleMetadata.swift */ = {isa = PBXFileReference; lastKnownFileType = sourcecode.swift; path = TupleMetadata.swift; sourceTree = "<group>"; };
		OBJ_43 /* Case.swift */ = {isa = PBXFileReference; lastKnownFileType = sourcecode.swift; path = Case.swift; sourceTree = "<group>"; };
		OBJ_44 /* Errors.swift */ = {isa = PBXFileReference; lastKnownFileType = sourcecode.swift; path = Errors.swift; sourceTree = "<group>"; };
		OBJ_45 /* FunctionInfo.swift */ = {isa = PBXFileReference; lastKnownFileType = sourcecode.swift; path = FunctionInfo.swift; sourceTree = "<group>"; };
		OBJ_46 /* Kind.swift */ = {isa = PBXFileReference; lastKnownFileType = sourcecode.swift; path = Kind.swift; sourceTree = "<group>"; };
		OBJ_47 /* PropertyInfo.swift */ = {isa = PBXFileReference; lastKnownFileType = sourcecode.swift; path = PropertyInfo.swift; sourceTree = "<group>"; };
		OBJ_48 /* TypeInfo.swift */ = {isa = PBXFileReference; lastKnownFileType = sourcecode.swift; path = TypeInfo.swift; sourceTree = "<group>"; };
		OBJ_49 /* TypeInfoConvertible.swift */ = {isa = PBXFileReference; lastKnownFileType = sourcecode.swift; path = TypeInfoConvertible.swift; sourceTree = "<group>"; };
		OBJ_51 /* Pointers.swift */ = {isa = PBXFileReference; lastKnownFileType = sourcecode.swift; path = Pointers.swift; sourceTree = "<group>"; };
		OBJ_52 /* RelativePointer.swift */ = {isa = PBXFileReference; lastKnownFileType = sourcecode.swift; path = RelativePointer.swift; sourceTree = "<group>"; };
		OBJ_53 /* RelativeVectorPointer.swift */ = {isa = PBXFileReference; lastKnownFileType = sourcecode.swift; path = RelativeVectorPointer.swift; sourceTree = "<group>"; };
		OBJ_54 /* Union.swift */ = {isa = PBXFileReference; lastKnownFileType = sourcecode.swift; path = Union.swift; sourceTree = "<group>"; };
		OBJ_55 /* Vector.swift */ = {isa = PBXFileReference; lastKnownFileType = sourcecode.swift; path = Vector.swift; sourceTree = "<group>"; };
		OBJ_57 /* GettersSetters.swift */ = {isa = PBXFileReference; lastKnownFileType = sourcecode.swift; path = GettersSetters.swift; sourceTree = "<group>"; };
		OBJ_59 /* Pointer+Extensions.swift */ = {isa = PBXFileReference; lastKnownFileType = sourcecode.swift; path = "Pointer+Extensions.swift"; sourceTree = "<group>"; };
		OBJ_6 /* Package.swift */ = {isa = PBXFileReference; explicitFileType = sourcecode.swift; path = Package.swift; sourceTree = "<group>"; };
		OBJ_60 /* RetainCounts.swift */ = {isa = PBXFileReference; lastKnownFileType = sourcecode.swift; path = RetainCounts.swift; sourceTree = "<group>"; };
		OBJ_61 /* String+Extensions.swift */ = {isa = PBXFileReference; lastKnownFileType = sourcecode.swift; path = "String+Extensions.swift"; sourceTree = "<group>"; };
		OBJ_64 /* Info.plist */ = {isa = PBXFileReference; lastKnownFileType = text.plist.xml; path = Info.plist; sourceTree = "<group>"; };
		OBJ_65 /* FactoryTests.swift */ = {isa = PBXFileReference; lastKnownFileType = sourcecode.swift; path = FactoryTests.swift; sourceTree = "<group>"; };
		OBJ_66 /* GetSetClassTests.swift */ = {isa = PBXFileReference; lastKnownFileType = sourcecode.swift; path = GetSetClassTests.swift; sourceTree = "<group>"; };
		OBJ_67 /* GetSetStructTests.swift */ = {isa = PBXFileReference; lastKnownFileType = sourcecode.swift; path = GetSetStructTests.swift; sourceTree = "<group>"; };
		OBJ_68 /* MetadataTests.swift */ = {isa = PBXFileReference; lastKnownFileType = sourcecode.swift; path = MetadataTests.swift; sourceTree = "<group>"; };
		OBJ_69 /* ValuePointerTests.swift */ = {isa = PBXFileReference; lastKnownFileType = sourcecode.swift; path = ValuePointerTests.swift; sourceTree = "<group>"; };
		OBJ_70 /* ValueWitnessTableTests.swift */ = {isa = PBXFileReference; lastKnownFileType = sourcecode.swift; path = ValueWitnessTableTests.swift; sourceTree = "<group>"; };
		OBJ_71 /* XCTestManifests.swift */ = {isa = PBXFileReference; lastKnownFileType = sourcecode.swift; path = XCTestManifests.swift; sourceTree = "<group>"; };
		OBJ_76 /* Resources */ = {isa = PBXFileReference; lastKnownFileType = folder; path = Resources; sourceTree = SOURCE_ROOT; };
		OBJ_77 /* Runtime */ = {isa = PBXFileReference; lastKnownFileType = folder; path = Runtime; sourceTree = SOURCE_ROOT; };
		OBJ_78 /* Scripts */ = {isa = PBXFileReference; lastKnownFileType = folder; path = Scripts; sourceTree = SOURCE_ROOT; };
		OBJ_79 /* RuntimeTests */ = {isa = PBXFileReference; lastKnownFileType = folder; path = RuntimeTests; sourceTree = SOURCE_ROOT; };
		OBJ_80 /* LICENSE */ = {isa = PBXFileReference; lastKnownFileType = text; path = LICENSE; sourceTree = "<group>"; };
		OBJ_81 /* README.md */ = {isa = PBXFileReference; lastKnownFileType = net.daringfireball.markdown; path = README.md; sourceTree = "<group>"; };
		OBJ_82 /* Runtime.podspec */ = {isa = PBXFileReference; lastKnownFileType = text; path = Runtime.podspec; sourceTree = "<group>"; };
		OBJ_9 /* Runtime.h */ = {isa = PBXFileReference; lastKnownFileType = sourcecode.c.h; path = Runtime.h; sourceTree = "<group>"; };
		"Runtime::Runtime::Product" /* Runtime.framework */ = {isa = PBXFileReference; lastKnownFileType = wrapper.framework; path = Runtime.framework; sourceTree = BUILT_PRODUCTS_DIR; };
		"Runtime::RuntimeTests::Product" /* RuntimeTests.xctest */ = {isa = PBXFileReference; lastKnownFileType = file; path = RuntimeTests.xctest; sourceTree = BUILT_PRODUCTS_DIR; };
/* End PBXFileReference section */

/* Begin PBXFrameworksBuildPhase section */
		OBJ_138 /* Frameworks */ = {
			isa = PBXFrameworksBuildPhase;
			buildActionMask = 0;
			files = (
			);
			runOnlyForDeploymentPostprocessing = 0;
		};
		OBJ_162 /* Frameworks */ = {
			isa = PBXFrameworksBuildPhase;
			buildActionMask = 0;
			files = (
				OBJ_163 /* Runtime.framework in Frameworks */,
			);
			runOnlyForDeploymentPostprocessing = 0;
		};
/* End PBXFrameworksBuildPhase section */

/* Begin PBXGroup section */
		OBJ_10 /* Factory */ = {
			isa = PBXGroup;
			children = (
				OBJ_11 /* DefaultValue.swift */,
				OBJ_12 /* Factory.swift */,
			);
			path = Factory;
			sourceTree = "<group>";
		};
		OBJ_13 /* Layouts */ = {
			isa = PBXGroup;
			children = (
				OBJ_14 /* ClassHeader.swift */,
				OBJ_15 /* ClassMetadataLayout.swift */,
				OBJ_16 /* ClassTypeDescriptor.swift */,
				OBJ_17 /* EnumMetadataLayout.swift */,
				OBJ_18 /* EnumTypeDescriptor.swift */,
				OBJ_19 /* ExistentialContainter.swift */,
				OBJ_20 /* FieldDescriptor.swift */,
				OBJ_21 /* FunctionMetadataLayout.swift */,
				OBJ_22 /* MetadataLayoutType.swift */,
				OBJ_23 /* ProtocolDescriptor.swift */,
				OBJ_24 /* ProtocolMetadataLayout.swift */,
				OBJ_25 /* ProtocolTypeContainer.swift */,
				OBJ_26 /* StructMetadataLayout.swift */,
				OBJ_27 /* StructTypeDescriptor.swift */,
				OBJ_28 /* TargetTypeGenericContextDescriptorHeader.swift */,
				OBJ_29 /* TupleMetadataLayout.swift */,
				OBJ_30 /* TypeDescriptor.swift */,
				OBJ_31 /* ValueWitnessTable.swift */,
			);
			path = Layouts;
			sourceTree = "<group>";
		};
		OBJ_32 /* Metadata */ = {
			isa = PBXGroup;
			children = (
				OBJ_33 /* ClassMetadata.swift */,
				OBJ_34 /* EnumMetadata.swift */,
				OBJ_35 /* FuntionMetadata.swift */,
				OBJ_36 /* Metadata.swift */,
				OBJ_37 /* MetadataType.swift */,
				OBJ_38 /* NominalMetadataType.swift */,
				OBJ_39 /* ProtocolMetadata.swift */,
				OBJ_40 /* StructMetadata.swift */,
				OBJ_41 /* TupleMetadata.swift */,
			);
			path = Metadata;
			sourceTree = "<group>";
		};
		OBJ_42 /* Models */ = {
			isa = PBXGroup;
			children = (
				OBJ_43 /* Case.swift */,
				OBJ_44 /* Errors.swift */,
				OBJ_45 /* FunctionInfo.swift */,
				OBJ_46 /* Kind.swift */,
				OBJ_47 /* PropertyInfo.swift */,
				OBJ_48 /* TypeInfo.swift */,
				OBJ_49 /* TypeInfoConvertible.swift */,
			);
			path = Models;
			sourceTree = "<group>";
		};
		OBJ_5 /*  */ = {
			isa = PBXGroup;
			children = (
				OBJ_6 /* Package.swift */,
				OBJ_7 /* Sources */,
				OBJ_62 /* Tests */,
				OBJ_72 /* Dependencies */,
				OBJ_73 /* Products */,
				OBJ_76 /* Resources */,
				OBJ_77 /* Runtime */,
				OBJ_78 /* Scripts */,
				OBJ_79 /* RuntimeTests */,
				OBJ_80 /* LICENSE */,
				OBJ_81 /* README.md */,
				OBJ_82 /* Runtime.podspec */,
			);
			name = "";
			sourceTree = "<group>";
		};
		OBJ_50 /* Pointers */ = {
			isa = PBXGroup;
			children = (
				OBJ_51 /* Pointers.swift */,
				OBJ_52 /* RelativePointer.swift */,
				OBJ_53 /* RelativeVectorPointer.swift */,
				OBJ_54 /* Union.swift */,
				OBJ_55 /* Vector.swift */,
			);
			path = Pointers;
			sourceTree = "<group>";
		};
		OBJ_56 /* Utilities */ = {
			isa = PBXGroup;
			children = (
				OBJ_57 /* GettersSetters.swift */,
				OBJ_59 /* Pointer+Extensions.swift */,
				OBJ_60 /* RetainCounts.swift */,
				OBJ_61 /* String+Extensions.swift */,
			);
			path = Utilities;
			sourceTree = "<group>";
		};
		OBJ_62 /* Tests */ = {
			isa = PBXGroup;
			children = (
				OBJ_63 /* RuntimeTests */,
			);
			name = Tests;
			sourceTree = SOURCE_ROOT;
		};
		OBJ_63 /* RuntimeTests */ = {
			isa = PBXGroup;
			children = (
				OBJ_64 /* Info.plist */,
				OBJ_65 /* FactoryTests.swift */,
				OBJ_66 /* GetSetClassTests.swift */,
				OBJ_67 /* GetSetStructTests.swift */,
				OBJ_68 /* MetadataTests.swift */,
				OBJ_69 /* ValuePointerTests.swift */,
				OBJ_70 /* ValueWitnessTableTests.swift */,
				OBJ_71 /* XCTestManifests.swift */,
			);
			name = RuntimeTests;
			path = Tests/RuntimeTests;
			sourceTree = SOURCE_ROOT;
		};
		OBJ_7 /* Sources */ = {
			isa = PBXGroup;
			children = (
				OBJ_8 /* Runtime */,
			);
			name = Sources;
			sourceTree = SOURCE_ROOT;
		};
		OBJ_72 /* Dependencies */ = {
			isa = PBXGroup;
			children = (
			);
			name = Dependencies;
			sourceTree = "<group>";
		};
		OBJ_73 /* Products */ = {
			isa = PBXGroup;
			children = (
				"Runtime::Runtime::Product" /* Runtime.framework */,
				"Runtime::RuntimeTests::Product" /* RuntimeTests.xctest */,
			);
			name = Products;
			sourceTree = BUILT_PRODUCTS_DIR;
		};
		OBJ_8 /* Runtime */ = {
			isa = PBXGroup;
			children = (
				OBJ_9 /* Runtime.h */,
				OBJ_10 /* Factory */,
				OBJ_13 /* Layouts */,
				OBJ_32 /* Metadata */,
				OBJ_42 /* Models */,
				OBJ_50 /* Pointers */,
				OBJ_56 /* Utilities */,
			);
			name = Runtime;
			path = Sources/Runtime;
			sourceTree = SOURCE_ROOT;
		};
/* End PBXGroup section */

/* Begin PBXNativeTarget section */
		"Runtime::Runtime" /* Runtime */ = {
			isa = PBXNativeTarget;
			buildConfigurationList = OBJ_88 /* Build configuration list for PBXNativeTarget "Runtime" */;
			buildPhases = (
				OBJ_91 /* Sources */,
				OBJ_138 /* Frameworks */,
			);
			buildRules = (
			);
			dependencies = (
			);
			name = Runtime;
			productName = Runtime;
			productReference = "Runtime::Runtime::Product" /* Runtime.framework */;
			productType = "com.apple.product-type.framework";
		};
		"Runtime::RuntimeTests" /* RuntimeTests */ = {
			isa = PBXNativeTarget;
			buildConfigurationList = OBJ_151 /* Build configuration list for PBXNativeTarget "RuntimeTests" */;
			buildPhases = (
				OBJ_154 /* Sources */,
				OBJ_162 /* Frameworks */,
			);
			buildRules = (
			);
			dependencies = (
				OBJ_164 /* PBXTargetDependency */,
			);
			name = RuntimeTests;
			productName = RuntimeTests;
			productReference = "Runtime::RuntimeTests::Product" /* RuntimeTests.xctest */;
			productType = "com.apple.product-type.bundle.unit-test";
		};
		"Runtime::SwiftPMPackageDescription" /* RuntimePackageDescription */ = {
			isa = PBXNativeTarget;
			buildConfigurationList = OBJ_140 /* Build configuration list for PBXNativeTarget "RuntimePackageDescription" */;
			buildPhases = (
				OBJ_143 /* Sources */,
			);
			buildRules = (
			);
			dependencies = (
			);
			name = RuntimePackageDescription;
			productName = RuntimePackageDescription;
			productType = "com.apple.product-type.framework";
		};
/* End PBXNativeTarget section */

/* Begin PBXProject section */
		OBJ_1 /* Project object */ = {
			isa = PBXProject;
			attributes = {
				LastSwiftMigration = 9999;
				LastUpgradeCheck = 9999;
			};
			buildConfigurationList = OBJ_2 /* Build configuration list for PBXProject "Runtime" */;
			compatibilityVersion = "Xcode 3.2";
			developmentRegion = English;
			hasScannedForEncodings = 0;
			knownRegions = (
				English,
				en,
			);
			mainGroup = OBJ_5 /*  */;
			productRefGroup = OBJ_73 /* Products */;
			projectDirPath = "";
			projectRoot = "";
			targets = (
				"CRuntime::CRuntime::ProductTarget" /* CRuntime */,
				"Runtime::Runtime" /* Runtime */,
				"Runtime::SwiftPMPackageDescription" /* RuntimePackageDescription */,
				"Runtime::RuntimePackageTests::ProductTarget" /* RuntimePackageTests */,
				"Runtime::RuntimeTests" /* RuntimeTests */,
			);
		};
/* End PBXProject section */

/* Begin PBXSourcesBuildPhase section */
		OBJ_143 /* Sources */ = {
			isa = PBXSourcesBuildPhase;
			buildActionMask = 0;
			files = (
				OBJ_144 /* Package.swift in Sources */,
			);
			runOnlyForDeploymentPostprocessing = 0;
		};
		OBJ_154 /* Sources */ = {
			isa = PBXSourcesBuildPhase;
			buildActionMask = 0;
			files = (
				OBJ_155 /* FactoryTests.swift in Sources */,
				OBJ_156 /* GetSetClassTests.swift in Sources */,
				OBJ_157 /* GetSetStructTests.swift in Sources */,
				OBJ_158 /* MetadataTests.swift in Sources */,
				OBJ_159 /* ValuePointerTests.swift in Sources */,
				OBJ_160 /* ValueWitnessTableTests.swift in Sources */,
				OBJ_161 /* XCTestManifests.swift in Sources */,
			);
			runOnlyForDeploymentPostprocessing = 0;
		};
		OBJ_91 /* Sources */ = {
			isa = PBXSourcesBuildPhase;
			buildActionMask = 0;
			files = (
				OBJ_92 /* DefaultValue.swift in Sources */,
				OBJ_93 /* Factory.swift in Sources */,
				OBJ_94 /* ClassHeader.swift in Sources */,
				OBJ_95 /* ClassMetadataLayout.swift in Sources */,
				OBJ_96 /* ClassTypeDescriptor.swift in Sources */,
				OBJ_97 /* EnumMetadataLayout.swift in Sources */,
				OBJ_98 /* EnumTypeDescriptor.swift in Sources */,
				OBJ_99 /* ExistentialContainter.swift in Sources */,
				OBJ_100 /* FieldDescriptor.swift in Sources */,
				OBJ_101 /* FunctionMetadataLayout.swift in Sources */,
				OBJ_102 /* MetadataLayoutType.swift in Sources */,
				OBJ_103 /* ProtocolDescriptor.swift in Sources */,
				OBJ_104 /* ProtocolMetadataLayout.swift in Sources */,
				OBJ_105 /* ProtocolTypeContainer.swift in Sources */,
				OBJ_106 /* StructMetadataLayout.swift in Sources */,
				OBJ_107 /* StructTypeDescriptor.swift in Sources */,
				OBJ_108 /* TargetTypeGenericContextDescriptorHeader.swift in Sources */,
				OBJ_109 /* TupleMetadataLayout.swift in Sources */,
				OBJ_110 /* TypeDescriptor.swift in Sources */,
				OBJ_111 /* ValueWitnessTable.swift in Sources */,
				OBJ_112 /* ClassMetadata.swift in Sources */,
				OBJ_113 /* EnumMetadata.swift in Sources */,
				OBJ_114 /* FuntionMetadata.swift in Sources */,
				OBJ_115 /* Metadata.swift in Sources */,
				OBJ_116 /* MetadataType.swift in Sources */,
				OBJ_117 /* NominalMetadataType.swift in Sources */,
				OBJ_118 /* ProtocolMetadata.swift in Sources */,
				OBJ_119 /* StructMetadata.swift in Sources */,
				OBJ_120 /* TupleMetadata.swift in Sources */,
				OBJ_121 /* Case.swift in Sources */,
				OBJ_122 /* Errors.swift in Sources */,
				OBJ_123 /* FunctionInfo.swift in Sources */,
				OBJ_124 /* Kind.swift in Sources */,
				OBJ_125 /* PropertyInfo.swift in Sources */,
				OBJ_126 /* TypeInfo.swift in Sources */,
				OBJ_127 /* TypeInfoConvertible.swift in Sources */,
				OBJ_128 /* Pointers.swift in Sources */,
				OBJ_129 /* RelativePointer.swift in Sources */,
				OBJ_130 /* RelativeVectorPointer.swift in Sources */,
				OBJ_131 /* Union.swift in Sources */,
				OBJ_132 /* Vector.swift in Sources */,
				OBJ_133 /* GettersSetters.swift in Sources */,
				OBJ_135 /* Pointer+Extensions.swift in Sources */,
				OBJ_136 /* RetainCounts.swift in Sources */,
				OBJ_137 /* String+Extensions.swift in Sources */,
			);
			runOnlyForDeploymentPostprocessing = 0;
		};
/* End PBXSourcesBuildPhase section */

/* Begin PBXTargetDependency section */
		OBJ_149 /* PBXTargetDependency */ = {
			isa = PBXTargetDependency;
			target = "Runtime::RuntimeTests" /* RuntimeTests */;
			targetProxy = DE6236BA234407F300F3B010 /* PBXContainerItemProxy */;
		};
		OBJ_164 /* PBXTargetDependency */ = {
			isa = PBXTargetDependency;
			target = "Runtime::Runtime" /* Runtime */;
			targetProxy = DE6236B9234407F200F3B010 /* PBXContainerItemProxy */;
		};
/* End PBXTargetDependency section */

/* Begin XCBuildConfiguration section */
		OBJ_141 /* Debug */ = {
			isa = XCBuildConfiguration;
			buildSettings = {
				LD = /usr/bin/true;
				OTHER_SWIFT_FLAGS = "-swift-version 5 -I $(TOOLCHAIN_DIR)/usr/lib/swift/pm/4_2 -target x86_64-apple-macosx10.10 -sdk /Applications/Xcode.app/Contents/Developer/Platforms/MacOSX.platform/Developer/SDKs/MacOSX10.14.sdk";
				SWIFT_VERSION = 5.0;
			};
			name = Debug;
		};
		OBJ_142 /* Release */ = {
			isa = XCBuildConfiguration;
			buildSettings = {
				LD = /usr/bin/true;
				OTHER_SWIFT_FLAGS = "-swift-version 5 -I $(TOOLCHAIN_DIR)/usr/lib/swift/pm/4_2 -target x86_64-apple-macosx10.10 -sdk /Applications/Xcode.app/Contents/Developer/Platforms/MacOSX.platform/Developer/SDKs/MacOSX10.14.sdk";
				SWIFT_VERSION = 5.0;
			};
			name = Release;
		};
		OBJ_147 /* Debug */ = {
			isa = XCBuildConfiguration;
			buildSettings = {
			};
			name = Debug;
		};
		OBJ_148 /* Release */ = {
			isa = XCBuildConfiguration;
			buildSettings = {
			};
			name = Release;
		};
		OBJ_152 /* Debug */ = {
			isa = XCBuildConfiguration;
			buildSettings = {
				CLANG_ENABLE_MODULES = YES;
				EMBEDDED_CONTENT_CONTAINS_SWIFT = YES;
				FRAMEWORK_SEARCH_PATHS = (
					"$(inherited)",
					"$(PLATFORM_DIR)/Developer/Library/Frameworks",
				);
				HEADER_SEARCH_PATHS = (
					"$(inherited)",
					"$(SRCROOT)/.build/checkouts/CRuntime/Sources/CRuntime",
				);
				INFOPLIST_FILE = Runtime.xcodeproj/RuntimeTests_Info.plist;
				IPHONEOS_DEPLOYMENT_TARGET = 8.0;
				LD_RUNPATH_SEARCH_PATHS = "$(inherited) @loader_path/../Frameworks @loader_path/Frameworks";
				MACOSX_DEPLOYMENT_TARGET = 10.10;
				OTHER_CFLAGS = "$(inherited)";
				OTHER_LDFLAGS = "$(inherited)";
				OTHER_SWIFT_FLAGS = "$(inherited)";
				SWIFT_ACTIVE_COMPILATION_CONDITIONS = "$(inherited)";
				SWIFT_VERSION = 5.0;
				TARGET_NAME = RuntimeTests;
				TVOS_DEPLOYMENT_TARGET = 9.0;
				WATCHOS_DEPLOYMENT_TARGET = 2.0;
			};
			name = Debug;
		};
		OBJ_153 /* Release */ = {
			isa = XCBuildConfiguration;
			buildSettings = {
				CLANG_ENABLE_MODULES = YES;
				EMBEDDED_CONTENT_CONTAINS_SWIFT = YES;
				FRAMEWORK_SEARCH_PATHS = (
					"$(inherited)",
					"$(PLATFORM_DIR)/Developer/Library/Frameworks",
				);
				HEADER_SEARCH_PATHS = (
					"$(inherited)",
					"$(SRCROOT)/.build/checkouts/CRuntime/Sources/CRuntime",
				);
				INFOPLIST_FILE = Runtime.xcodeproj/RuntimeTests_Info.plist;
				IPHONEOS_DEPLOYMENT_TARGET = 8.0;
				LD_RUNPATH_SEARCH_PATHS = "$(inherited) @loader_path/../Frameworks @loader_path/Frameworks";
				MACOSX_DEPLOYMENT_TARGET = 10.10;
				OTHER_CFLAGS = "$(inherited)";
				OTHER_LDFLAGS = "$(inherited)";
				OTHER_SWIFT_FLAGS = "$(inherited)";
				SWIFT_ACTIVE_COMPILATION_CONDITIONS = "$(inherited)";
				SWIFT_VERSION = 5.0;
				TARGET_NAME = RuntimeTests;
				TVOS_DEPLOYMENT_TARGET = 9.0;
				WATCHOS_DEPLOYMENT_TARGET = 2.0;
			};
			name = Release;
		};
		OBJ_3 /* Debug */ = {
			isa = XCBuildConfiguration;
			buildSettings = {
				CLANG_ENABLE_OBJC_ARC = YES;
				COMBINE_HIDPI_IMAGES = YES;
				COPY_PHASE_STRIP = NO;
				DEBUG_INFORMATION_FORMAT = dwarf;
				DYLIB_INSTALL_NAME_BASE = "@rpath";
				ENABLE_NS_ASSERTIONS = YES;
				GCC_OPTIMIZATION_LEVEL = 0;
				GCC_PREPROCESSOR_DEFINITIONS = (
					"$(inherited)",
					"SWIFT_PACKAGE=1",
					"DEBUG=1",
				);
				MACOSX_DEPLOYMENT_TARGET = 10.10;
				ONLY_ACTIVE_ARCH = YES;
				OTHER_SWIFT_FLAGS = "-DXcode";
				PRODUCT_NAME = "$(TARGET_NAME)";
				SDKROOT = macosx;
				SUPPORTED_PLATFORMS = "macosx iphoneos iphonesimulator appletvos appletvsimulator watchos watchsimulator";
				SWIFT_ACTIVE_COMPILATION_CONDITIONS = "$(inherited) SWIFT_PACKAGE DEBUG";
				SWIFT_OPTIMIZATION_LEVEL = "-Onone";
				USE_HEADERMAP = NO;
			};
			name = Debug;
		};
		OBJ_4 /* Release */ = {
			isa = XCBuildConfiguration;
			buildSettings = {
				CLANG_ENABLE_OBJC_ARC = YES;
				COMBINE_HIDPI_IMAGES = YES;
				COPY_PHASE_STRIP = YES;
				DEBUG_INFORMATION_FORMAT = "dwarf-with-dsym";
				DYLIB_INSTALL_NAME_BASE = "@rpath";
				GCC_OPTIMIZATION_LEVEL = s;
				GCC_PREPROCESSOR_DEFINITIONS = (
					"$(inherited)",
					"SWIFT_PACKAGE=1",
				);
				MACOSX_DEPLOYMENT_TARGET = 10.10;
				OTHER_SWIFT_FLAGS = "-DXcode";
				PRODUCT_NAME = "$(TARGET_NAME)";
				SDKROOT = macosx;
				SUPPORTED_PLATFORMS = "macosx iphoneos iphonesimulator appletvos appletvsimulator watchos watchsimulator";
				SWIFT_ACTIVE_COMPILATION_CONDITIONS = "$(inherited) SWIFT_PACKAGE";
				SWIFT_OPTIMIZATION_LEVEL = "-Owholemodule";
				USE_HEADERMAP = NO;
			};
			name = Release;
		};
		OBJ_85 /* Debug */ = {
			isa = XCBuildConfiguration;
			buildSettings = {
			};
			name = Debug;
		};
		OBJ_86 /* Release */ = {
			isa = XCBuildConfiguration;
			buildSettings = {
			};
			name = Release;
		};
		OBJ_89 /* Debug */ = {
			isa = XCBuildConfiguration;
			buildSettings = {
				ENABLE_TESTABILITY = YES;
				FRAMEWORK_SEARCH_PATHS = (
					"$(inherited)",
					"$(PLATFORM_DIR)/Developer/Library/Frameworks",
				);
				HEADER_SEARCH_PATHS = (
					"$(inherited)",
					"$(SRCROOT)/.build/checkouts/CRuntime/Sources/CRuntime",
				);
				INFOPLIST_FILE = Runtime.xcodeproj/Runtime_Info.plist;
				IPHONEOS_DEPLOYMENT_TARGET = 8.0;
				LD_RUNPATH_SEARCH_PATHS = "$(inherited) $(TOOLCHAIN_DIR)/usr/lib/swift/macosx";
				MACOSX_DEPLOYMENT_TARGET = 10.10;
				OTHER_CFLAGS = "$(inherited)";
				OTHER_LDFLAGS = "$(inherited)";
				OTHER_SWIFT_FLAGS = "$(inherited)";
				PRODUCT_BUNDLE_IDENTIFIER = Runtime;
				PRODUCT_MODULE_NAME = "$(TARGET_NAME:c99extidentifier)";
				PRODUCT_NAME = "$(TARGET_NAME:c99extidentifier)";
				SKIP_INSTALL = YES;
				SWIFT_ACTIVE_COMPILATION_CONDITIONS = "$(inherited)";
				SWIFT_VERSION = 5.0;
				TARGET_NAME = Runtime;
				TVOS_DEPLOYMENT_TARGET = 9.0;
				WATCHOS_DEPLOYMENT_TARGET = 2.0;
			};
			name = Debug;
		};
		OBJ_90 /* Release */ = {
			isa = XCBuildConfiguration;
			buildSettings = {
				ENABLE_TESTABILITY = YES;
				FRAMEWORK_SEARCH_PATHS = (
					"$(inherited)",
					"$(PLATFORM_DIR)/Developer/Library/Frameworks",
				);
				HEADER_SEARCH_PATHS = (
					"$(inherited)",
					"$(SRCROOT)/.build/checkouts/CRuntime/Sources/CRuntime",
				);
				INFOPLIST_FILE = Runtime.xcodeproj/Runtime_Info.plist;
				IPHONEOS_DEPLOYMENT_TARGET = 8.0;
				LD_RUNPATH_SEARCH_PATHS = "$(inherited) $(TOOLCHAIN_DIR)/usr/lib/swift/macosx";
				MACOSX_DEPLOYMENT_TARGET = 10.10;
				OTHER_CFLAGS = "$(inherited)";
				OTHER_LDFLAGS = "$(inherited)";
				OTHER_SWIFT_FLAGS = "$(inherited)";
				PRODUCT_BUNDLE_IDENTIFIER = Runtime;
				PRODUCT_MODULE_NAME = "$(TARGET_NAME:c99extidentifier)";
				PRODUCT_NAME = "$(TARGET_NAME:c99extidentifier)";
				SKIP_INSTALL = YES;
				SWIFT_ACTIVE_COMPILATION_CONDITIONS = "$(inherited)";
				SWIFT_VERSION = 5.0;
				TARGET_NAME = Runtime;
				TVOS_DEPLOYMENT_TARGET = 9.0;
				WATCHOS_DEPLOYMENT_TARGET = 2.0;
			};
			name = Release;
		};
/* End XCBuildConfiguration section */

/* Begin XCConfigurationList section */
		OBJ_140 /* Build configuration list for PBXNativeTarget "RuntimePackageDescription" */ = {
			isa = XCConfigurationList;
			buildConfigurations = (
				OBJ_141 /* Debug */,
				OBJ_142 /* Release */,
			);
			defaultConfigurationIsVisible = 0;
			defaultConfigurationName = Release;
		};
		OBJ_146 /* Build configuration list for PBXAggregateTarget "RuntimePackageTests" */ = {
			isa = XCConfigurationList;
			buildConfigurations = (
				OBJ_147 /* Debug */,
				OBJ_148 /* Release */,
			);
			defaultConfigurationIsVisible = 0;
			defaultConfigurationName = Release;
		};
		OBJ_151 /* Build configuration list for PBXNativeTarget "RuntimeTests" */ = {
			isa = XCConfigurationList;
			buildConfigurations = (
				OBJ_152 /* Debug */,
				OBJ_153 /* Release */,
			);
			defaultConfigurationIsVisible = 0;
			defaultConfigurationName = Release;
		};
		OBJ_2 /* Build configuration list for PBXProject "Runtime" */ = {
			isa = XCConfigurationList;
			buildConfigurations = (
				OBJ_3 /* Debug */,
				OBJ_4 /* Release */,
			);
			defaultConfigurationIsVisible = 0;
			defaultConfigurationName = Release;
		};
		OBJ_84 /* Build configuration list for PBXAggregateTarget "CRuntime" */ = {
			isa = XCConfigurationList;
			buildConfigurations = (
				OBJ_85 /* Debug */,
				OBJ_86 /* Release */,
			);
			defaultConfigurationIsVisible = 0;
			defaultConfigurationName = Release;
		};
		OBJ_88 /* Build configuration list for PBXNativeTarget "Runtime" */ = {
			isa = XCConfigurationList;
			buildConfigurations = (
				OBJ_89 /* Debug */,
				OBJ_90 /* Release */,
			);
			defaultConfigurationIsVisible = 0;
			defaultConfigurationName = Release;
		};
/* End XCConfigurationList section */
	};
	rootObject = OBJ_1 /* Project object */;
}
